
Microsoft Visual Studio Solution File, Format Version 12.00
# Visual Studio Version 17
VisualStudioVersion = 17.0.31903.59
MinimumVisualStudioVersion = 10.0.40219.1
Project("{2150E333-8FDC-42A3-9474-1A3956D46DE8}") = "src", "src", "{827E0CD3-B72D-47B6-A68D-7590B98EB39B}"
EndProject
Project("{FAE04EC0-301F-11D3-BF4B-00C04F79EFBC}") = "CoreIns.CountryPacks.CY", "src\CoreIns.CountryPacks.CY\CoreIns.CountryPacks.CY.csproj", "{84311CFB-D898-42EC-8949-FBECBE7E813A}"
EndProject
Project("{FAE04EC0-301F-11D3-BF4B-00C04F79EFBC}") = "CoreIns.SharedKernel", "src\CoreIns.SharedKernel\CoreIns.SharedKernel.csproj", "{0CF4C623-FBB1-4F96-BC9D-0360D8DC33E8}"
EndProject
Project("{FAE04EC0-301F-11D3-BF4B-00C04F79EFBC}") = "CoreIns.CountryPacks.GR", "src\CoreIns.CountryPacks.GR\CoreIns.CountryPacks.GR.csproj", "{A7B831DA-DA13-4DE1-BE3C-3DC13DBA7C6F}"
EndProject
Project("{FAE04EC0-301F-11D3-BF4B-00C04F79EFBC}") = "CoreIns.Host", "src\CoreIns.Host\CoreIns.Host.csproj", "{67843980-AD5D-4469-A9A0-92F67B0F561E}"
EndProject
Project("{FAE04EC0-301F-11D3-BF4B-00C04F79EFBC}") = "CoreIns.Platform", "src\CoreIns.Platform\CoreIns.Platform.csproj", "{A4DF5A68-35A4-4800-91A8-C82F5D26B72B}"
EndProject
Project("{FAE04EC0-301F-11D3-BF4B-00C04F79EFBC}") = "CoreIns.Modules.Party", "src\CoreIns.Modules.Party\CoreIns.Modules.Party.csproj", "{B149D8C1-9C68-4041-83DF-8B49FDFA2AA9}"
EndProject
Project("{FAE04EC0-301F-11D3-BF4B-00C04F79EFBC}") = "CoreIns.Modules.Party.Contracts", "src\CoreIns.Modules.Party.Contracts\CoreIns.Modules.Party.Contracts.csproj", "{27B6029A-5235-4212-908A-C26E7A2673A5}"
EndProject
Project("{FAE04EC0-301F-11D3-BF4B-00C04F79EFBC}") = "CoreIns.Modules.Product", "src\CoreIns.Modules.Product\CoreIns.Modules.Product.csproj", "{D7B3DDBA-C5E0-4220-93F2-B5E8EFEE4E6A}"
EndProject
Project("{FAE04EC0-301F-11D3-BF4B-00C04F79EFBC}") = "CoreIns.Modules.Product.Contracts", "src\CoreIns.Modules.Product.Contracts\CoreIns.Modules.Product.Contracts.csproj", "{ED7EC8DF-D2A6-4155-9893-5856E38340E1}"
EndProject
Project("{FAE04EC0-301F-11D3-BF4B-00C04F79EFBC}") = "CoreIns.Modules.Rating", "src\CoreIns.Modules.Rating\CoreIns.Modules.Rating.csproj", "{42E4E5C0-6EFF-4415-90E3-AD5E49C212D9}"
EndProject
Project("{FAE04EC0-301F-11D3-BF4B-00C04F79EFBC}") = "CoreIns.Modules.Rating.Contracts", "src\CoreIns.Modules.Rating.Contracts\CoreIns.Modules.Rating.Contracts.csproj", "{18A1F333-8D80-4E86-8534-DC2DCEB06B68}"
EndProject
Project("{FAE04EC0-301F-11D3-BF4B-00C04F79EFBC}") = "CoreIns.Modules.Underwriting", "src\CoreIns.Modules.Underwriting\CoreIns.Modules.Underwriting.csproj", "{30F6FBBF-728C-4E43-AF33-371B12CD71CB}"
EndProject
Project("{FAE04EC0-301F-11D3-BF4B-00C04F79EFBC}") = "CoreIns.Modules.Underwriting.Contracts", "src\CoreIns.Modules.Underwriting.Contracts\CoreIns.Modules.Underwriting.Contracts.csproj", "{8BD76281-2F88-4805-93B7-9B9A72D9D4CF}"
EndProject
Project("{FAE04EC0-301F-11D3-BF4B-00C04F79EFBC}") = "CoreIns.Modules.Policy", "src\CoreIns.Modules.Policy\CoreIns.Modules.Policy.csproj", "{6EA30723-07F4-4AA5-A854-746564546E6C}"
EndProject
Project("{FAE04EC0-301F-11D3-BF4B-00C04F79EFBC}") = "CoreIns.Modules.Policy.Contracts", "src\CoreIns.Modules.Policy.Contracts\CoreIns.Modules.Policy.Contracts.csproj", "{A526D28B-01B2-4A80-BECB-3C735515FE54}"
EndProject
Project("{FAE04EC0-301F-11D3-BF4B-00C04F79EFBC}") = "CoreIns.Modules.Billing", "src\CoreIns.Modules.Billing\CoreIns.Modules.Billing.csproj", "{87B1700D-FB04-46F9-AA90-C362F8786CCA}"
EndProject
Project("{FAE04EC0-301F-11D3-BF4B-00C04F79EFBC}") = "CoreIns.Modules.Billing.Contracts", "src\CoreIns.Modules.Billing.Contracts\CoreIns.Modules.Billing.Contracts.csproj", "{A82AEEF0-FE9A-4AEE-BC97-7212FE964692}"
EndProject
Project("{FAE04EC0-301F-11D3-BF4B-00C04F79EFBC}") = "CoreIns.Modules.Claims", "src\CoreIns.Modules.Claims\CoreIns.Modules.Claims.csproj", "{D21A71BC-F605-4335-96EA-48672AED7EC1}"
EndProject
Project("{FAE04EC0-301F-11D3-BF4B-00C04F79EFBC}") = "CoreIns.Modules.Claims.Contracts", "src\CoreIns.Modules.Claims.Contracts\CoreIns.Modules.Claims.Contracts.csproj", "{C7AED328-9D3C-4BEE-B093-2EF1095D6E31}"
EndProject
Project("{FAE04EC0-301F-11D3-BF4B-00C04F79EFBC}") = "CoreIns.Modules.Reinsurance", "src\CoreIns.Modules.Reinsurance\CoreIns.Modules.Reinsurance.csproj", "{85AB3DEC-0D16-4C8B-9AE3-195BB0EB26E8}"
EndProject
Project("{FAE04EC0-301F-11D3-BF4B-00C04F79EFBC}") = "CoreIns.Modules.Reinsurance.Contracts", "src\CoreIns.Modules.Reinsurance.Contracts\CoreIns.Modules.Reinsurance.Contracts.csproj", "{5E7C1EC1-7085-42C3-9563-C0483B3E1B9D}"
EndProject
Project("{FAE04EC0-301F-11D3-BF4B-00C04F79EFBC}") = "CoreIns.Modules.Finance", "src\CoreIns.Modules.Finance\CoreIns.Modules.Finance.csproj", "{0584E8E8-1FF1-401D-9F2A-C903E50B7637}"
EndProject
Project("{FAE04EC0-301F-11D3-BF4B-00C04F79EFBC}") = "CoreIns.Modules.Finance.Contracts", "src\CoreIns.Modules.Finance.Contracts\CoreIns.Modules.Finance.Contracts.csproj", "{69EB4687-569F-4148-BB01-5194E0C37A51}"
EndProject
Project("{FAE04EC0-301F-11D3-BF4B-00C04F79EFBC}") = "CoreIns.Modules.Documents", "src\CoreIns.Modules.Documents\CoreIns.Modules.Documents.csproj", "{758A1444-C347-485E-89EF-D376B1A6F566}"
EndProject
Project("{FAE04EC0-301F-11D3-BF4B-00C04F79EFBC}") = "CoreIns.Modules.Documents.Contracts", "src\CoreIns.Modules.Documents.Contracts\CoreIns.Modules.Documents.Contracts.csproj", "{77D19F76-0AD0-4F99-80D2-DF5F4470DC6C}"
EndProject
Project("{FAE04EC0-301F-11D3-BF4B-00C04F79EFBC}") = "CoreIns.Modules.Compliance", "src\CoreIns.Modules.Compliance\CoreIns.Modules.Compliance.csproj", "{D720FB09-4342-4ADD-8C99-5CC8F0B391E1}"
EndProject
Project("{FAE04EC0-301F-11D3-BF4B-00C04F79EFBC}") = "CoreIns.Modules.Compliance.Contracts", "src\CoreIns.Modules.Compliance.Contracts\CoreIns.Modules.Compliance.Contracts.csproj", "{E456F7D4-63AB-4782-83A3-7792FE7E1A8F}"
EndProject
Project("{FAE04EC0-301F-11D3-BF4B-00C04F79EFBC}") = "CoreIns.Modules.Channels", "src\CoreIns.Modules.Channels\CoreIns.Modules.Channels.csproj", "{C0577D95-AA03-414E-A8B9-222E4DE88677}"
EndProject
Project("{FAE04EC0-301F-11D3-BF4B-00C04F79EFBC}") = "CoreIns.Modules.Channels.Contracts", "src\CoreIns.Modules.Channels.Contracts\CoreIns.Modules.Channels.Contracts.csproj", "{B77A5FD1-4A9D-41B7-814A-D67C8CD757EE}"
EndProject
Project("{FAE04EC0-301F-11D3-BF4B-00C04F79EFBC}") = "CoreIns.Modules.Work", "src\CoreIns.Modules.Work\CoreIns.Modules.Work.csproj", "{C36E1E84-6DD4-46CE-A69C-4FCCCB36732C}"
EndProject
Project("{FAE04EC0-301F-11D3-BF4B-00C04F79EFBC}") = "CoreIns.Modules.Work.Contracts", "src\CoreIns.Modules.Work.Contracts\CoreIns.Modules.Work.Contracts.csproj", "{CFCFC7B4-F275-4163-9B3E-496EC7ABA7C5}"
EndProject
Project("{FAE04EC0-301F-11D3-BF4B-00C04F79EFBC}") = "CoreIns.Modules.Data", "src\CoreIns.Modules.Data\CoreIns.Modules.Data.csproj", "{70766901-1CE2-4D5F-98BE-73785BB38891}"
EndProject
Project("{FAE04EC0-301F-11D3-BF4B-00C04F79EFBC}") = "CoreIns.Modules.Data.Contracts", "src\CoreIns.Modules.Data.Contracts\CoreIns.Modules.Data.Contracts.csproj", "{932098C4-CD26-4FE5-80A6-E4DD9C471D33}"
EndProject
Project("{FAE04EC0-301F-11D3-BF4B-00C04F79EFBC}") = "CoreIns.Modules.Migration", "src\CoreIns.Modules.Migration\CoreIns.Modules.Migration.csproj", "{72A671E1-F0D0-4325-9B4C-ECCC3CF823B6}"
EndProject
Project("{FAE04EC0-301F-11D3-BF4B-00C04F79EFBC}") = "CoreIns.Modules.Migration.Contracts", "src\CoreIns.Modules.Migration.Contracts\CoreIns.Modules.Migration.Contracts.csproj", "{0B10F441-4A9F-489C-9E9D-A26C3A62E737}"
EndProject
Project("{FAE04EC0-301F-11D3-BF4B-00C04F79EFBC}") = "CoreIns.Modules.Market", "src\CoreIns.Modules.Market\CoreIns.Modules.Market.csproj", "{8BC4B8A6-C6C0-4D80-BD0C-5A3A5959ACC9}"
EndProject
Project("{FAE04EC0-301F-11D3-BF4B-00C04F79EFBC}") = "CoreIns.Modules.Market.Contracts", "src\CoreIns.Modules.Market.Contracts\CoreIns.Modules.Market.Contracts.csproj", "{73F34419-472F-491D-B27F-5358D80CF72F}"
EndProject
Project("{2150E333-8FDC-42A3-9474-1A3956D46DE8}") = "tests", "tests", "{0AB3BF05-4346-4AA6-1389-037BE0695223}"
EndProject
Project("{FAE04EC0-301F-11D3-BF4B-00C04F79EFBC}") = "CoreIns.ArchitectureTests", "tests\CoreIns.ArchitectureTests\CoreIns.ArchitectureTests.csproj", "{00A00C6C-9016-4257-8FDA-EA99335DD1C5}"
EndProject
Project("{FAE04EC0-301F-11D3-BF4B-00C04F79EFBC}") = "CoreIns.IntegrationTests", "tests\CoreIns.IntegrationTests\CoreIns.IntegrationTests.csproj", "{63A92173-6C88-412A-8CE8-25E9BBF706CE}"
EndProject
Project("{FAE04EC0-301F-11D3-BF4B-00C04F79EFBC}") = "CoreIns.SharedKernel.Tests", "tests\CoreIns.SharedKernel.Tests\CoreIns.SharedKernel.Tests.csproj", "{C1320D44-45DD-45EC-9129-984885FC2FEF}"
EndProject
Project("{2150E333-8FDC-42A3-9474-1A3956D46DE8}") = "tools", "tools", "{07C2787E-EAC7-C090-1BA3-A61EC2A24D84}"
EndProject
Project("{FAE04EC0-301F-11D3-BF4B-00C04F79EFBC}") = "CoreIns.Analyzers", "tools\CoreIns.Analyzers\CoreIns.Analyzers.csproj", "{929871E8-457F-4CAB-BF76-1D3782446012}"
EndProject
Project("{FAE04EC0-301F-11D3-BF4B-00C04F79EFBC}") = "CoreIns.Analyzers.Tests", "tests\CoreIns.Analyzers.Tests\CoreIns.Analyzers.Tests.csproj", "{B31E31A4-8406-462D-AB02-746CF23659A7}"
EndProject
Project("{FAE04EC0-301F-11D3-BF4B-00C04F79EFBC}") = "CoreIns.Host.Tests", "tests\CoreIns.Host.Tests\CoreIns.Host.Tests.csproj", "{6563C9EC-E8EF-42A8-BB5B-4E1B6ABE97F0}"
EndProject
Project("{FAE04EC0-301F-11D3-BF4B-00C04F79EFBC}") = "CoreIns.Contracts.Tests", "tests\CoreIns.Contracts.Tests\CoreIns.Contracts.Tests.csproj", "{07992B13-CAFB-4626-9CB6-4DA313525328}"
EndProject
Project("{FAE04EC0-301F-11D3-BF4B-00C04F79EFBC}") = "CoreIns.Platform.Tests", "tests\CoreIns.Platform.Tests\CoreIns.Platform.Tests.csproj", "{FB552171-F941-4FA6-BD69-502B893ABB94}"
EndProject
Project("{FAE04EC0-301F-11D3-BF4B-00C04F79EFBC}") = "CoreIns.OutboxBenchmark", "tools\CoreIns.OutboxBenchmark\CoreIns.OutboxBenchmark.csproj", "{7DFF96BE-A077-4D3B-B07C-DFD0225DF367}"
EndProject
Project("{FAE04EC0-301F-11D3-BF4B-00C04F79EFBC}") = "CoreIns.Platform.DataProtection", "src\CoreIns.Platform.DataProtection\CoreIns.Platform.DataProtection.csproj", "{11FC05AD-5189-453D-80D4-F215F4649FAE}"
EndProject
Project("{FAE04EC0-301F-11D3-BF4B-00C04F79EFBC}") = "CoreIns.Platform.DataProtection.Tests", "tests\CoreIns.Platform.DataProtection.Tests\CoreIns.Platform.DataProtection.Tests.csproj", "{BD3FB033-4BF6-4513-BF1C-756DB3E2FF6C}"
EndProject
Project("{FAE04EC0-301F-11D3-BF4B-00C04F79EFBC}") = "CoreIns.CountryPacks.Tests", "tests\CoreIns.CountryPacks.Tests\CoreIns.CountryPacks.Tests.csproj", "{951AB373-ECE5-45D3-BF07-FC9E19AA8FBB}"
EndProject
Project("{FAE04EC0-301F-11D3-BF4B-00C04F79EFBC}") = "CoreIns.Rules", "src\CoreIns.Rules\CoreIns.Rules.csproj", "{BE993A7E-F5DA-43EB-8424-6F83F16DA738}"
EndProject
Project("{FAE04EC0-301F-11D3-BF4B-00C04F79EFBC}") = "CoreIns.Rules.Tests", "tests\CoreIns.Rules.Tests\CoreIns.Rules.Tests.csproj", "{D0AF605A-EDE0-4E12-BB20-7C5DC2FF1E45}"
EndProject
Project("{FAE04EC0-301F-11D3-BF4B-00C04F79EFBC}") = "CoreIns.Rules.Benchmark", "tools\CoreIns.Rules.Benchmark\CoreIns.Rules.Benchmark.csproj", "{C910A8FB-8F01-4E51-A446-25BDE0C3E3E7}"
EndProject
Project("{FAE04EC0-301F-11D3-BF4B-00C04F79EFBC}") = "CoreIns.Platform.Contracts", "src\CoreIns.Platform.Contracts\CoreIns.Platform.Contracts.csproj", "{02F66BF1-738D-4E0F-BEB5-5F5A1CAD2DD4}"
EndProject
Project("{FAE04EC0-301F-11D3-BF4B-00C04F79EFBC}") = "CoreIns.ContractGen", "tools\CoreIns.ContractGen\CoreIns.ContractGen.csproj", "{F74195BC-1EC4-43CD-A7F0-985850006D45}"
EndProject
Project("{FAE04EC0-301F-11D3-BF4B-00C04F79EFBC}") = "CoreIns.Testing.Contracts", "tests\CoreIns.Testing.Contracts\CoreIns.Testing.Contracts.csproj", "{E8CFF5F9-7668-474E-AB77-E18F9478F680}"
EndProject
Global
	GlobalSection(SolutionConfigurationPlatforms) = preSolution
		Debug|Any CPU = Debug|Any CPU
		Debug|x64 = Debug|x64
		Debug|x86 = Debug|x86
		Release|Any CPU = Release|Any CPU
		Release|x64 = Release|x64
		Release|x86 = Release|x86
	EndGlobalSection
	GlobalSection(ProjectConfigurationPlatforms) = postSolution
		{84311CFB-D898-42EC-8949-FBECBE7E813A}.Debug|Any CPU.ActiveCfg = Debug|Any CPU
		{84311CFB-D898-42EC-8949-FBECBE7E813A}.Debug|Any CPU.Build.0 = Debug|Any CPU
		{84311CFB-D898-42EC-8949-FBECBE7E813A}.Debug|x64.ActiveCfg = Debug|Any CPU
		{84311CFB-D898-42EC-8949-FBECBE7E813A}.Debug|x64.Build.0 = Debug|Any CPU
		{84311CFB-D898-42EC-8949-FBECBE7E813A}.Debug|x86.ActiveCfg = Debug|Any CPU
		{84311CFB-D898-42EC-8949-FBECBE7E813A}.Debug|x86.Build.0 = Debug|Any CPU
		{84311CFB-D898-42EC-8949-FBECBE7E813A}.Release|Any CPU.ActiveCfg = Release|Any CPU
		{84311CFB-D898-42EC-8949-FBECBE7E813A}.Release|Any CPU.Build.0 = Release|Any CPU
		{84311CFB-D898-42EC-8949-FBECBE7E813A}.Release|x64.ActiveCfg = Release|Any CPU
		{84311CFB-D898-42EC-8949-FBECBE7E813A}.Release|x64.Build.0 = Release|Any CPU
		{84311CFB-D898-42EC-8949-FBECBE7E813A}.Release|x86.ActiveCfg = Release|Any CPU
		{84311CFB-D898-42EC-8949-FBECBE7E813A}.Release|x86.Build.0 = Release|Any CPU
		{0CF4C623-FBB1-4F96-BC9D-0360D8DC33E8}.Debug|Any CPU.ActiveCfg = Debug|Any CPU
		{0CF4C623-FBB1-4F96-BC9D-0360D8DC33E8}.Debug|Any CPU.Build.0 = Debug|Any CPU
		{0CF4C623-FBB1-4F96-BC9D-0360D8DC33E8}.Debug|x64.ActiveCfg = Debug|Any CPU
		{0CF4C623-FBB1-4F96-BC9D-0360D8DC33E8}.Debug|x64.Build.0 = Debug|Any CPU
		{0CF4C623-FBB1-4F96-BC9D-0360D8DC33E8}.Debug|x86.ActiveCfg = Debug|Any CPU
		{0CF4C623-FBB1-4F96-BC9D-0360D8DC33E8}.Debug|x86.Build.0 = Debug|Any CPU
		{0CF4C623-FBB1-4F96-BC9D-0360D8DC33E8}.Release|Any CPU.ActiveCfg = Release|Any CPU
		{0CF4C623-FBB1-4F96-BC9D-0360D8DC33E8}.Release|Any CPU.Build.0 = Release|Any CPU
		{0CF4C623-FBB1-4F96-BC9D-0360D8DC33E8}.Release|x64.ActiveCfg = Release|Any CPU
		{0CF4C623-FBB1-4F96-BC9D-0360D8DC33E8}.Release|x64.Build.0 = Release|Any CPU
		{0CF4C623-FBB1-4F96-BC9D-0360D8DC33E8}.Release|x86.ActiveCfg = Release|Any CPU
		{0CF4C623-FBB1-4F96-BC9D-0360D8DC33E8}.Release|x86.Build.0 = Release|Any CPU
		{A7B831DA-DA13-4DE1-BE3C-3DC13DBA7C6F}.Debug|Any CPU.ActiveCfg = Debug|Any CPU
		{A7B831DA-DA13-4DE1-BE3C-3DC13DBA7C6F}.Debug|Any CPU.Build.0 = Debug|Any CPU
		{A7B831DA-DA13-4DE1-BE3C-3DC13DBA7C6F}.Debug|x64.ActiveCfg = Debug|Any CPU
		{A7B831DA-DA13-4DE1-BE3C-3DC13DBA7C6F}.Debug|x64.Build.0 = Debug|Any CPU
		{A7B831DA-DA13-4DE1-BE3C-3DC13DBA7C6F}.Debug|x86.ActiveCfg = Debug|Any CPU
		{A7B831DA-DA13-4DE1-BE3C-3DC13DBA7C6F}.Debug|x86.Build.0 = Debug|Any CPU
		{A7B831DA-DA13-4DE1-BE3C-3DC13DBA7C6F}.Release|Any CPU.ActiveCfg = Release|Any CPU
		{A7B831DA-DA13-4DE1-BE3C-3DC13DBA7C6F}.Release|Any CPU.Build.0 = Release|Any CPU
		{A7B831DA-DA13-4DE1-BE3C-3DC13DBA7C6F}.Release|x64.ActiveCfg = Release|Any CPU
		{A7B831DA-DA13-4DE1-BE3C-3DC13DBA7C6F}.Release|x64.Build.0 = Release|Any CPU
		{A7B831DA-DA13-4DE1-BE3C-3DC13DBA7C6F}.Release|x86.ActiveCfg = Release|Any CPU
		{A7B831DA-DA13-4DE1-BE3C-3DC13DBA7C6F}.Release|x86.Build.0 = Release|Any CPU
		{67843980-AD5D-4469-A9A0-92F67B0F561E}.Debug|Any CPU.ActiveCfg = Debug|Any CPU
		{67843980-AD5D-4469-A9A0-92F67B0F561E}.Debug|Any CPU.Build.0 = Debug|Any CPU
		{67843980-AD5D-4469-A9A0-92F67B0F561E}.Debug|x64.ActiveCfg = Debug|Any CPU
		{67843980-AD5D-4469-A9A0-92F67B0F561E}.Debug|x64.Build.0 = Debug|Any CPU
		{67843980-AD5D-4469-A9A0-92F67B0F561E}.Debug|x86.ActiveCfg = Debug|Any CPU
		{67843980-AD5D-4469-A9A0-92F67B0F561E}.Debug|x86.Build.0 = Debug|Any CPU
		{67843980-AD5D-4469-A9A0-92F67B0F561E}.Release|Any CPU.ActiveCfg = Release|Any CPU
		{67843980-AD5D-4469-A9A0-92F67B0F561E}.Release|Any CPU.Build.0 = Release|Any CPU
		{67843980-AD5D-4469-A9A0-92F67B0F561E}.Release|x64.ActiveCfg = Release|Any CPU
		{67843980-AD5D-4469-A9A0-92F67B0F561E}.Release|x64.Build.0 = Release|Any CPU
		{67843980-AD5D-4469-A9A0-92F67B0F561E}.Release|x86.ActiveCfg = Release|Any CPU
		{67843980-AD5D-4469-A9A0-92F67B0F561E}.Release|x86.Build.0 = Release|Any CPU
		{A4DF5A68-35A4-4800-91A8-C82F5D26B72B}.Debug|Any CPU.ActiveCfg = Debug|Any CPU
		{A4DF5A68-35A4-4800-91A8-C82F5D26B72B}.Debug|Any CPU.Build.0 = Debug|Any CPU
		{A4DF5A68-35A4-4800-91A8-C82F5D26B72B}.Debug|x64.ActiveCfg = Debug|Any CPU
		{A4DF5A68-35A4-4800-91A8-C82F5D26B72B}.Debug|x64.Build.0 = Debug|Any CPU
		{A4DF5A68-35A4-4800-91A8-C82F5D26B72B}.Debug|x86.ActiveCfg = Debug|Any CPU
		{A4DF5A68-35A4-4800-91A8-C82F5D26B72B}.Debug|x86.Build.0 = Debug|Any CPU
		{A4DF5A68-35A4-4800-91A8-C82F5D26B72B}.Release|Any CPU.ActiveCfg = Release|Any CPU
		{A4DF5A68-35A4-4800-91A8-C82F5D26B72B}.Release|Any CPU.Build.0 = Release|Any CPU
		{A4DF5A68-35A4-4800-91A8-C82F5D26B72B}.Release|x64.ActiveCfg = Release|Any CPU
		{A4DF5A68-35A4-4800-91A8-C82F5D26B72B}.Release|x64.Build.0 = Release|Any CPU
		{A4DF5A68-35A4-4800-91A8-C82F5D26B72B}.Release|x86.ActiveCfg = Release|Any CPU
		{A4DF5A68-35A4-4800-91A8-C82F5D26B72B}.Release|x86.Build.0 = Release|Any CPU
		{B149D8C1-9C68-4041-83DF-8B49FDFA2AA9}.Debug|Any CPU.ActiveCfg = Debug|Any CPU
		{B149D8C1-9C68-4041-83DF-8B49FDFA2AA9}.Debug|Any CPU.Build.0 = Debug|Any CPU
		{B149D8C1-9C68-4041-83DF-8B49FDFA2AA9}.Debug|x64.ActiveCfg = Debug|Any CPU
		{B149D8C1-9C68-4041-83DF-8B49FDFA2AA9}.Debug|x64.Build.0 = Debug|Any CPU
		{B149D8C1-9C68-4041-83DF-8B49FDFA2AA9}.Debug|x86.ActiveCfg = Debug|Any CPU
		{B149D8C1-9C68-4041-83DF-8B49FDFA2AA9}.Debug|x86.Build.0 = Debug|Any CPU
		{B149D8C1-9C68-4041-83DF-8B49FDFA2AA9}.Release|Any CPU.ActiveCfg = Release|Any CPU
		{B149D8C1-9C68-4041-83DF-8B49FDFA2AA9}.Release|Any CPU.Build.0 = Release|Any CPU
		{B149D8C1-9C68-4041-83DF-8B49FDFA2AA9}.Release|x64.ActiveCfg = Release|Any CPU
		{B149D8C1-9C68-4041-83DF-8B49FDFA2AA9}.Release|x64.Build.0 = Release|Any CPU
		{B149D8C1-9C68-4041-83DF-8B49FDFA2AA9}.Release|x86.ActiveCfg = Release|Any CPU
		{B149D8C1-9C68-4041-83DF-8B49FDFA2AA9}.Release|x86.Build.0 = Release|Any CPU
		{27B6029A-5235-4212-908A-C26E7A2673A5}.Debug|Any CPU.ActiveCfg = Debug|Any CPU
		{27B6029A-5235-4212-908A-C26E7A2673A5}.Debug|Any CPU.Build.0 = Debug|Any CPU
		{27B6029A-5235-4212-908A-C26E7A2673A5}.Debug|x64.ActiveCfg = Debug|Any CPU
		{27B6029A-5235-4212-908A-C26E7A2673A5}.Debug|x64.Build.0 = Debug|Any CPU
		{27B6029A-5235-4212-908A-C26E7A2673A5}.Debug|x86.ActiveCfg = Debug|Any CPU
		{27B6029A-5235-4212-908A-C26E7A2673A5}.Debug|x86.Build.0 = Debug|Any CPU
		{27B6029A-5235-4212-908A-C26E7A2673A5}.Release|Any CPU.ActiveCfg = Release|Any CPU
		{27B6029A-5235-4212-908A-C26E7A2673A5}.Release|Any CPU.Build.0 = Release|Any CPU
		{27B6029A-5235-4212-908A-C26E7A2673A5}.Release|x64.ActiveCfg = Release|Any CPU
		{27B6029A-5235-4212-908A-C26E7A2673A5}.Release|x64.Build.0 = Release|Any CPU
		{27B6029A-5235-4212-908A-C26E7A2673A5}.Release|x86.ActiveCfg = Release|Any CPU
		{27B6029A-5235-4212-908A-C26E7A2673A5}.Release|x86.Build.0 = Release|Any CPU
		{D7B3DDBA-C5E0-4220-93F2-B5E8EFEE4E6A}.Debug|Any CPU.ActiveCfg = Debug|Any CPU
		{D7B3DDBA-C5E0-4220-93F2-B5E8EFEE4E6A}.Debug|Any CPU.Build.0 = Debug|Any CPU
		{D7B3DDBA-C5E0-4220-93F2-B5E8EFEE4E6A}.Debug|x64.ActiveCfg = Debug|Any CPU
		{D7B3DDBA-C5E0-4220-93F2-B5E8EFEE4E6A}.Debug|x64.Build.0 = Debug|Any CPU
		{D7B3DDBA-C5E0-4220-93F2-B5E8EFEE4E6A}.Debug|x86.ActiveCfg = Debug|Any CPU
		{D7B3DDBA-C5E0-4220-93F2-B5E8EFEE4E6A}.Debug|x86.Build.0 = Debug|Any CPU
		{D7B3DDBA-C5E0-4220-93F2-B5E8EFEE4E6A}.Release|Any CPU.ActiveCfg = Release|Any CPU
		{D7B3DDBA-C5E0-4220-93F2-B5E8EFEE4E6A}.Release|Any CPU.Build.0 = Release|Any CPU
		{D7B3DDBA-C5E0-4220-93F2-B5E8EFEE4E6A}.Release|x64.ActiveCfg = Release|Any CPU
		{D7B3DDBA-C5E0-4220-93F2-B5E8EFEE4E6A}.Release|x64.Build.0 = Release|Any CPU
		{D7B3DDBA-C5E0-4220-93F2-B5E8EFEE4E6A}.Release|x86.ActiveCfg = Release|Any CPU
		{D7B3DDBA-C5E0-4220-93F2-B5E8EFEE4E6A}.Release|x86.Build.0 = Release|Any CPU
		{ED7EC8DF-D2A6-4155-9893-5856E38340E1}.Debug|Any CPU.ActiveCfg = Debug|Any CPU
		{ED7EC8DF-D2A6-4155-9893-5856E38340E1}.Debug|Any CPU.Build.0 = Debug|Any CPU
		{ED7EC8DF-D2A6-4155-9893-5856E38340E1}.Debug|x64.ActiveCfg = Debug|Any CPU
		{ED7EC8DF-D2A6-4155-9893-5856E38340E1}.Debug|x64.Build.0 = Debug|Any CPU
		{ED7EC8DF-D2A6-4155-9893-5856E38340E1}.Debug|x86.ActiveCfg = Debug|Any CPU
		{ED7EC8DF-D2A6-4155-9893-5856E38340E1}.Debug|x86.Build.0 = Debug|Any CPU
		{ED7EC8DF-D2A6-4155-9893-5856E38340E1}.Release|Any CPU.ActiveCfg = Release|Any CPU
		{ED7EC8DF-D2A6-4155-9893-5856E38340E1}.Release|Any CPU.Build.0 = Release|Any CPU
		{ED7EC8DF-D2A6-4155-9893-5856E38340E1}.Release|x64.ActiveCfg = Release|Any CPU
		{ED7EC8DF-D2A6-4155-9893-5856E38340E1}.Release|x64.Build.0 = Release|Any CPU
		{ED7EC8DF-D2A6-4155-9893-5856E38340E1}.Release|x86.ActiveCfg = Release|Any CPU
		{ED7EC8DF-D2A6-4155-9893-5856E38340E1}.Release|x86.Build.0 = Release|Any CPU
		{42E4E5C0-6EFF-4415-90E3-AD5E49C212D9}.Debug|Any CPU.ActiveCfg = Debug|Any CPU
		{42E4E5C0-6EFF-4415-90E3-AD5E49C212D9}.Debug|Any CPU.Build.0 = Debug|Any CPU
		{42E4E5C0-6EFF-4415-90E3-AD5E49C212D9}.Debug|x64.ActiveCfg = Debug|Any CPU
		{42E4E5C0-6EFF-4415-90E3-AD5E49C212D9}.Debug|x64.Build.0 = Debug|Any CPU
		{42E4E5C0-6EFF-4415-90E3-AD5E49C212D9}.Debug|x86.ActiveCfg = Debug|Any CPU
		{42E4E5C0-6EFF-4415-90E3-AD5E49C212D9}.Debug|x86.Build.0 = Debug|Any CPU
		{42E4E5C0-6EFF-4415-90E3-AD5E49C212D9}.Release|Any CPU.ActiveCfg = Release|Any CPU
		{42E4E5C0-6EFF-4415-90E3-AD5E49C212D9}.Release|Any CPU.Build.0 = Release|Any CPU
		{42E4E5C0-6EFF-4415-90E3-AD5E49C212D9}.Release|x64.ActiveCfg = Release|Any CPU
		{42E4E5C0-6EFF-4415-90E3-AD5E49C212D9}.Release|x64.Build.0 = Release|Any CPU
		{42E4E5C0-6EFF-4415-90E3-AD5E49C212D9}.Release|x86.ActiveCfg = Release|Any CPU
		{42E4E5C0-6EFF-4415-90E3-AD5E49C212D9}.Release|x86.Build.0 = Release|Any CPU
		{18A1F333-8D80-4E86-8534-DC2DCEB06B68}.Debug|Any CPU.ActiveCfg = Debug|Any CPU
		{18A1F333-8D80-4E86-8534-DC2DCEB06B68}.Debug|Any CPU.Build.0 = Debug|Any CPU
		{18A1F333-8D80-4E86-8534-DC2DCEB06B68}.Debug|x64.ActiveCfg = Debug|Any CPU
		{18A1F333-8D80-4E86-8534-DC2DCEB06B68}.Debug|x64.Build.0 = Debug|Any CPU
		{18A1F333-8D80-4E86-8534-DC2DCEB06B68}.Debug|x86.ActiveCfg = Debug|Any CPU
		{18A1F333-8D80-4E86-8534-DC2DCEB06B68}.Debug|x86.Build.0 = Debug|Any CPU
		{18A1F333-8D80-4E86-8534-DC2DCEB06B68}.Release|Any CPU.ActiveCfg = Release|Any CPU
		{18A1F333-8D80-4E86-8534-DC2DCEB06B68}.Release|Any CPU.Build.0 = Release|Any CPU
		{18A1F333-8D80-4E86-8534-DC2DCEB06B68}.Release|x64.ActiveCfg = Release|Any CPU
		{18A1F333-8D80-4E86-8534-DC2DCEB06B68}.Release|x64.Build.0 = Release|Any CPU
		{18A1F333-8D80-4E86-8534-DC2DCEB06B68}.Release|x86.ActiveCfg = Release|Any CPU
		{18A1F333-8D80-4E86-8534-DC2DCEB06B68}.Release|x86.Build.0 = Release|Any CPU
		{30F6FBBF-728C-4E43-AF33-371B12CD71CB}.Debug|Any CPU.ActiveCfg = Debug|Any CPU
		{30F6FBBF-728C-4E43-AF33-371B12CD71CB}.Debug|Any CPU.Build.0 = Debug|Any CPU
		{30F6FBBF-728C-4E43-AF33-371B12CD71CB}.Debug|x64.ActiveCfg = Debug|Any CPU
		{30F6FBBF-728C-4E43-AF33-371B12CD71CB}.Debug|x64.Build.0 = Debug|Any CPU
		{30F6FBBF-728C-4E43-AF33-371B12CD71CB}.Debug|x86.ActiveCfg = Debug|Any CPU
		{30F6FBBF-728C-4E43-AF33-371B12CD71CB}.Debug|x86.Build.0 = Debug|Any CPU
		{30F6FBBF-728C-4E43-AF33-371B12CD71CB}.Release|Any CPU.ActiveCfg = Release|Any CPU
		{30F6FBBF-728C-4E43-AF33-371B12CD71CB}.Release|Any CPU.Build.0 = Release|Any CPU
		{30F6FBBF-728C-4E43-AF33-371B12CD71CB}.Release|x64.ActiveCfg = Release|Any CPU
		{30F6FBBF-728C-4E43-AF33-371B12CD71CB}.Release|x64.Build.0 = Release|Any CPU
		{30F6FBBF-728C-4E43-AF33-371B12CD71CB}.Release|x86.ActiveCfg = Release|Any CPU
		{30F6FBBF-728C-4E43-AF33-371B12CD71CB}.Release|x86.Build.0 = Release|Any CPU
		{8BD76281-2F88-4805-93B7-9B9A72D9D4CF}.Debug|Any CPU.ActiveCfg = Debug|Any CPU
		{8BD76281-2F88-4805-93B7-9B9A72D9D4CF}.Debug|Any CPU.Build.0 = Debug|Any CPU
		{8BD76281-2F88-4805-93B7-9B9A72D9D4CF}.Debug|x64.ActiveCfg = Debug|Any CPU
		{8BD76281-2F88-4805-93B7-9B9A72D9D4CF}.Debug|x64.Build.0 = Debug|Any CPU
		{8BD76281-2F88-4805-93B7-9B9A72D9D4CF}.Debug|x86.ActiveCfg = Debug|Any CPU
		{8BD76281-2F88-4805-93B7-9B9A72D9D4CF}.Debug|x86.Build.0 = Debug|Any CPU
		{8BD76281-2F88-4805-93B7-9B9A72D9D4CF}.Release|Any CPU.ActiveCfg = Release|Any CPU
		{8BD76281-2F88-4805-93B7-9B9A72D9D4CF}.Release|Any CPU.Build.0 = Release|Any CPU
		{8BD76281-2F88-4805-93B7-9B9A72D9D4CF}.Release|x64.ActiveCfg = Release|Any CPU
		{8BD76281-2F88-4805-93B7-9B9A72D9D4CF}.Release|x64.Build.0 = Release|Any CPU
		{8BD76281-2F88-4805-93B7-9B9A72D9D4CF}.Release|x86.ActiveCfg = Release|Any CPU
		{8BD76281-2F88-4805-93B7-9B9A72D9D4CF}.Release|x86.Build.0 = Release|Any CPU
		{6EA30723-07F4-4AA5-A854-746564546E6C}.Debug|Any CPU.ActiveCfg = Debug|Any CPU
		{6EA30723-07F4-4AA5-A854-746564546E6C}.Debug|Any CPU.Build.0 = Debug|Any CPU
		{6EA30723-07F4-4AA5-A854-746564546E6C}.Debug|x64.ActiveCfg = Debug|Any CPU
		{6EA30723-07F4-4AA5-A854-746564546E6C}.Debug|x64.Build.0 = Debug|Any CPU
		{6EA30723-07F4-4AA5-A854-746564546E6C}.Debug|x86.ActiveCfg = Debug|Any CPU
		{6EA30723-07F4-4AA5-A854-746564546E6C}.Debug|x86.Build.0 = Debug|Any CPU
		{6EA30723-07F4-4AA5-A854-746564546E6C}.Release|Any CPU.ActiveCfg = Release|Any CPU
		{6EA30723-07F4-4AA5-A854-746564546E6C}.Release|Any CPU.Build.0 = Release|Any CPU
		{6EA30723-07F4-4AA5-A854-746564546E6C}.Release|x64.ActiveCfg = Release|Any CPU
		{6EA30723-07F4-4AA5-A854-746564546E6C}.Release|x64.Build.0 = Release|Any CPU
		{6EA30723-07F4-4AA5-A854-746564546E6C}.Release|x86.ActiveCfg = Release|Any CPU
		{6EA30723-07F4-4AA5-A854-746564546E6C}.Release|x86.Build.0 = Release|Any CPU
		{A526D28B-01B2-4A80-BECB-3C735515FE54}.Debug|Any CPU.ActiveCfg = Debug|Any CPU
		{A526D28B-01B2-4A80-BECB-3C735515FE54}.Debug|Any CPU.Build.0 = Debug|Any CPU
		{A526D28B-01B2-4A80-BECB-3C735515FE54}.Debug|x64.ActiveCfg = Debug|Any CPU
		{A526D28B-01B2-4A80-BECB-3C735515FE54}.Debug|x64.Build.0 = Debug|Any CPU
		{A526D28B-01B2-4A80-BECB-3C735515FE54}.Debug|x86.ActiveCfg = Debug|Any CPU
		{A526D28B-01B2-4A80-BECB-3C735515FE54}.Debug|x86.Build.0 = Debug|Any CPU
		{A526D28B-01B2-4A80-BECB-3C735515FE54}.Release|Any CPU.ActiveCfg = Release|Any CPU
		{A526D28B-01B2-4A80-BECB-3C735515FE54}.Release|Any CPU.Build.0 = Release|Any CPU
		{A526D28B-01B2-4A80-BECB-3C735515FE54}.Release|x64.ActiveCfg = Release|Any CPU
		{A526D28B-01B2-4A80-BECB-3C735515FE54}.Release|x64.Build.0 = Release|Any CPU
		{A526D28B-01B2-4A80-BECB-3C735515FE54}.Release|x86.ActiveCfg = Release|Any CPU
		{A526D28B-01B2-4A80-BECB-3C735515FE54}.Release|x86.Build.0 = Release|Any CPU
		{87B1700D-FB04-46F9-AA90-C362F8786CCA}.Debug|Any CPU.ActiveCfg = Debug|Any CPU
		{87B1700D-FB04-46F9-AA90-C362F8786CCA}.Debug|Any CPU.Build.0 = Debug|Any CPU
		{87B1700D-FB04-46F9-AA90-C362F8786CCA}.Debug|x64.ActiveCfg = Debug|Any CPU
		{87B1700D-FB04-46F9-AA90-C362F8786CCA}.Debug|x64.Build.0 = Debug|Any CPU
		{87B1700D-FB04-46F9-AA90-C362F8786CCA}.Debug|x86.ActiveCfg = Debug|Any CPU
		{87B1700D-FB04-46F9-AA90-C362F8786CCA}.Debug|x86.Build.0 = Debug|Any CPU
		{87B1700D-FB04-46F9-AA90-C362F8786CCA}.Release|Any CPU.ActiveCfg = Release|Any CPU
		{87B1700D-FB04-46F9-AA90-C362F8786CCA}.Release|Any CPU.Build.0 = Release|Any CPU
		{87B1700D-FB04-46F9-AA90-C362F8786CCA}.Release|x64.ActiveCfg = Release|Any CPU
		{87B1700D-FB04-46F9-AA90-C362F8786CCA}.Release|x64.Build.0 = Release|Any CPU
		{87B1700D-FB04-46F9-AA90-C362F8786CCA}.Release|x86.ActiveCfg = Release|Any CPU
		{87B1700D-FB04-46F9-AA90-C362F8786CCA}.Release|x86.Build.0 = Release|Any CPU
		{A82AEEF0-FE9A-4AEE-BC97-7212FE964692}.Debug|Any CPU.ActiveCfg = Debug|Any CPU
		{A82AEEF0-FE9A-4AEE-BC97-7212FE964692}.Debug|Any CPU.Build.0 = Debug|Any CPU
		{A82AEEF0-FE9A-4AEE-BC97-7212FE964692}.Debug|x64.ActiveCfg = Debug|Any CPU
		{A82AEEF0-FE9A-4AEE-BC97-7212FE964692}.Debug|x64.Build.0 = Debug|Any CPU
		{A82AEEF0-FE9A-4AEE-BC97-7212FE964692}.Debug|x86.ActiveCfg = Debug|Any CPU
		{A82AEEF0-FE9A-4AEE-BC97-7212FE964692}.Debug|x86.Build.0 = Debug|Any CPU
		{A82AEEF0-FE9A-4AEE-BC97-7212FE964692}.Release|Any CPU.ActiveCfg = Release|Any CPU
		{A82AEEF0-FE9A-4AEE-BC97-7212FE964692}.Release|Any CPU.Build.0 = Release|Any CPU
		{A82AEEF0-FE9A-4AEE-BC97-7212FE964692}.Release|x64.ActiveCfg = Release|Any CPU
		{A82AEEF0-FE9A-4AEE-BC97-7212FE964692}.Release|x64.Build.0 = Release|Any CPU
		{A82AEEF0-FE9A-4AEE-BC97-7212FE964692}.Release|x86.ActiveCfg = Release|Any CPU
		{A82AEEF0-FE9A-4AEE-BC97-7212FE964692}.Release|x86.Build.0 = Release|Any CPU
		{D21A71BC-F605-4335-96EA-48672AED7EC1}.Debug|Any CPU.ActiveCfg = Debug|Any CPU
		{D21A71BC-F605-4335-96EA-48672AED7EC1}.Debug|Any CPU.Build.0 = Debug|Any CPU
		{D21A71BC-F605-4335-96EA-48672AED7EC1}.Debug|x64.ActiveCfg = Debug|Any CPU
		{D21A71BC-F605-4335-96EA-48672AED7EC1}.Debug|x64.Build.0 = Debug|Any CPU
		{D21A71BC-F605-4335-96EA-48672AED7EC1}.Debug|x86.ActiveCfg = Debug|Any CPU
		{D21A71BC-F605-4335-96EA-48672AED7EC1}.Debug|x86.Build.0 = Debug|Any CPU
		{D21A71BC-F605-4335-96EA-48672AED7EC1}.Release|Any CPU.ActiveCfg = Release|Any CPU
		{D21A71BC-F605-4335-96EA-48672AED7EC1}.Release|Any CPU.Build.0 = Release|Any CPU
		{D21A71BC-F605-4335-96EA-48672AED7EC1}.Release|x64.ActiveCfg = Release|Any CPU
		{D21A71BC-F605-4335-96EA-48672AED7EC1}.Release|x64.Build.0 = Release|Any CPU
		{D21A71BC-F605-4335-96EA-48672AED7EC1}.Release|x86.ActiveCfg = Release|Any CPU
		{D21A71BC-F605-4335-96EA-48672AED7EC1}.Release|x86.Build.0 = Release|Any CPU
		{C7AED328-9D3C-4BEE-B093-2EF1095D6E31}.Debug|Any CPU.ActiveCfg = Debug|Any CPU
		{C7AED328-9D3C-4BEE-B093-2EF1095D6E31}.Debug|Any CPU.Build.0 = Debug|Any CPU
		{C7AED328-9D3C-4BEE-B093-2EF1095D6E31}.Debug|x64.ActiveCfg = Debug|Any CPU
		{C7AED328-9D3C-4BEE-B093-2EF1095D6E31}.Debug|x64.Build.0 = Debug|Any CPU
		{C7AED328-9D3C-4BEE-B093-2EF1095D6E31}.Debug|x86.ActiveCfg = Debug|Any CPU
		{C7AED328-9D3C-4BEE-B093-2EF1095D6E31}.Debug|x86.Build.0 = Debug|Any CPU
		{C7AED328-9D3C-4BEE-B093-2EF1095D6E31}.Release|Any CPU.ActiveCfg = Release|Any CPU
		{C7AED328-9D3C-4BEE-B093-2EF1095D6E31}.Release|Any CPU.Build.0 = Release|Any CPU
		{C7AED328-9D3C-4BEE-B093-2EF1095D6E31}.Release|x64.ActiveCfg = Release|Any CPU
		{C7AED328-9D3C-4BEE-B093-2EF1095D6E31}.Release|x64.Build.0 = Release|Any CPU
		{C7AED328-9D3C-4BEE-B093-2EF1095D6E31}.Release|x86.ActiveCfg = Release|Any CPU
		{C7AED328-9D3C-4BEE-B093-2EF1095D6E31}.Release|x86.Build.0 = Release|Any CPU
		{85AB3DEC-0D16-4C8B-9AE3-195BB0EB26E8}.Debug|Any CPU.ActiveCfg = Debug|Any CPU
		{85AB3DEC-0D16-4C8B-9AE3-195BB0EB26E8}.Debug|Any CPU.Build.0 = Debug|Any CPU
		{85AB3DEC-0D16-4C8B-9AE3-195BB0EB26E8}.Debug|x64.ActiveCfg = Debug|Any CPU
		{85AB3DEC-0D16-4C8B-9AE3-195BB0EB26E8}.Debug|x64.Build.0 = Debug|Any CPU
		{85AB3DEC-0D16-4C8B-9AE3-195BB0EB26E8}.Debug|x86.ActiveCfg = Debug|Any CPU
		{85AB3DEC-0D16-4C8B-9AE3-195BB0EB26E8}.Debug|x86.Build.0 = Debug|Any CPU
		{85AB3DEC-0D16-4C8B-9AE3-195BB0EB26E8}.Release|Any CPU.ActiveCfg = Release|Any CPU
		{85AB3DEC-0D16-4C8B-9AE3-195BB0EB26E8}.Release|Any CPU.Build.0 = Release|Any CPU
		{85AB3DEC-0D16-4C8B-9AE3-195BB0EB26E8}.Release|x64.ActiveCfg = Release|Any CPU
		{85AB3DEC-0D16-4C8B-9AE3-195BB0EB26E8}.Release|x64.Build.0 = Release|Any CPU
		{85AB3DEC-0D16-4C8B-9AE3-195BB0EB26E8}.Release|x86.ActiveCfg = Release|Any CPU
		{85AB3DEC-0D16-4C8B-9AE3-195BB0EB26E8}.Release|x86.Build.0 = Release|Any CPU
		{5E7C1EC1-7085-42C3-9563-C0483B3E1B9D}.Debug|Any CPU.ActiveCfg = Debug|Any CPU
		{5E7C1EC1-7085-42C3-9563-C0483B3E1B9D}.Debug|Any CPU.Build.0 = Debug|Any CPU
		{5E7C1EC1-7085-42C3-9563-C0483B3E1B9D}.Debug|x64.ActiveCfg = Debug|Any CPU
		{5E7C1EC1-7085-42C3-9563-C0483B3E1B9D}.Debug|x64.Build.0 = Debug|Any CPU
		{5E7C1EC1-7085-42C3-9563-C0483B3E1B9D}.Debug|x86.ActiveCfg = Debug|Any CPU
		{5E7C1EC1-7085-42C3-9563-C0483B3E1B9D}.Debug|x86.Build.0 = Debug|Any CPU
		{5E7C1EC1-7085-42C3-9563-C0483B3E1B9D}.Release|Any CPU.ActiveCfg = Release|Any CPU
		{5E7C1EC1-7085-42C3-9563-C0483B3E1B9D}.Release|Any CPU.Build.0 = Release|Any CPU
		{5E7C1EC1-7085-42C3-9563-C0483B3E1B9D}.Release|x64.ActiveCfg = Release|Any CPU
		{5E7C1EC1-7085-42C3-9563-C0483B3E1B9D}.Release|x64.Build.0 = Release|Any CPU
		{5E7C1EC1-7085-42C3-9563-C0483B3E1B9D}.Release|x86.ActiveCfg = Release|Any CPU
		{5E7C1EC1-7085-42C3-9563-C0483B3E1B9D}.Release|x86.Build.0 = Release|Any CPU
		{0584E8E8-1FF1-401D-9F2A-C903E50B7637}.Debug|Any CPU.ActiveCfg = Debug|Any CPU
		{0584E8E8-1FF1-401D-9F2A-C903E50B7637}.Debug|Any CPU.Build.0 = Debug|Any CPU
		{0584E8E8-1FF1-401D-9F2A-C903E50B7637}.Debug|x64.ActiveCfg = Debug|Any CPU
		{0584E8E8-1FF1-401D-9F2A-C903E50B7637}.Debug|x64.Build.0 = Debug|Any CPU
		{0584E8E8-1FF1-401D-9F2A-C903E50B7637}.Debug|x86.ActiveCfg = Debug|Any CPU
		{0584E8E8-1FF1-401D-9F2A-C903E50B7637}.Debug|x86.Build.0 = Debug|Any CPU
		{0584E8E8-1FF1-401D-9F2A-C903E50B7637}.Release|Any CPU.ActiveCfg = Release|Any CPU
		{0584E8E8-1FF1-401D-9F2A-C903E50B7637}.Release|Any CPU.Build.0 = Release|Any CPU
		{0584E8E8-1FF1-401D-9F2A-C903E50B7637}.Release|x64.ActiveCfg = Release|Any CPU
		{0584E8E8-1FF1-401D-9F2A-C903E50B7637}.Release|x64.Build.0 = Release|Any CPU
		{0584E8E8-1FF1-401D-9F2A-C903E50B7637}.Release|x86.ActiveCfg = Release|Any CPU
		{0584E8E8-1FF1-401D-9F2A-C903E50B7637}.Release|x86.Build.0 = Release|Any CPU
		{69EB4687-569F-4148-BB01-5194E0C37A51}.Debug|Any CPU.ActiveCfg = Debug|Any CPU
		{69EB4687-569F-4148-BB01-5194E0C37A51}.Debug|Any CPU.Build.0 = Debug|Any CPU
		{69EB4687-569F-4148-BB01-5194E0C37A51}.Debug|x64.ActiveCfg = Debug|Any CPU
		{69EB4687-569F-4148-BB01-5194E0C37A51}.Debug|x64.Build.0 = Debug|Any CPU
		{69EB4687-569F-4148-BB01-5194E0C37A51}.Debug|x86.ActiveCfg = Debug|Any CPU
		{69EB4687-569F-4148-BB01-5194E0C37A51}.Debug|x86.Build.0 = Debug|Any CPU
		{69EB4687-569F-4148-BB01-5194E0C37A51}.Release|Any CPU.ActiveCfg = Release|Any CPU
		{69EB4687-569F-4148-BB01-5194E0C37A51}.Release|Any CPU.Build.0 = Release|Any CPU
		{69EB4687-569F-4148-BB01-5194E0C37A51}.Release|x64.ActiveCfg = Release|Any CPU
		{69EB4687-569F-4148-BB01-5194E0C37A51}.Release|x64.Build.0 = Release|Any CPU
		{69EB4687-569F-4148-BB01-5194E0C37A51}.Release|x86.ActiveCfg = Release|Any CPU
		{69EB4687-569F-4148-BB01-5194E0C37A51}.Release|x86.Build.0 = Release|Any CPU
		{758A1444-C347-485E-89EF-D376B1A6F566}.Debug|Any CPU.ActiveCfg = Debug|Any CPU
		{758A1444-C347-485E-89EF-D376B1A6F566}.Debug|Any CPU.Build.0 = Debug|Any CPU
		{758A1444-C347-485E-89EF-D376B1A6F566}.Debug|x64.ActiveCfg = Debug|Any CPU
		{758A1444-C347-485E-89EF-D376B1A6F566}.Debug|x64.Build.0 = Debug|Any CPU
		{758A1444-C347-485E-89EF-D376B1A6F566}.Debug|x86.ActiveCfg = Debug|Any CPU
		{758A1444-C347-485E-89EF-D376B1A6F566}.Debug|x86.Build.0 = Debug|Any CPU
		{758A1444-C347-485E-89EF-D376B1A6F566}.Release|Any CPU.ActiveCfg = Release|Any CPU
		{758A1444-C347-485E-89EF-D376B1A6F566}.Release|Any CPU.Build.0 = Release|Any CPU
		{758A1444-C347-485E-89EF-D376B1A6F566}.Release|x64.ActiveCfg = Release|Any CPU
		{758A1444-C347-485E-89EF-D376B1A6F566}.Release|x64.Build.0 = Release|Any CPU
		{758A1444-C347-485E-89EF-D376B1A6F566}.Release|x86.ActiveCfg = Release|Any CPU
		{758A1444-C347-485E-89EF-D376B1A6F566}.Release|x86.Build.0 = Release|Any CPU
		{77D19F76-0AD0-4F99-80D2-DF5F4470DC6C}.Debug|Any CPU.ActiveCfg = Debug|Any CPU
		{77D19F76-0AD0-4F99-80D2-DF5F4470DC6C}.Debug|Any CPU.Build.0 = Debug|Any CPU
		{77D19F76-0AD0-4F99-80D2-DF5F4470DC6C}.Debug|x64.ActiveCfg = Debug|Any CPU
		{77D19F76-0AD0-4F99-80D2-DF5F4470DC6C}.Debug|x64.Build.0 = Debug|Any CPU
		{77D19F76-0AD0-4F99-80D2-DF5F4470DC6C}.Debug|x86.ActiveCfg = Debug|Any CPU
		{77D19F76-0AD0-4F99-80D2-DF5F4470DC6C}.Debug|x86.Build.0 = Debug|Any CPU
		{77D19F76-0AD0-4F99-80D2-DF5F4470DC6C}.Release|Any CPU.ActiveCfg = Release|Any CPU
		{77D19F76-0AD0-4F99-80D2-DF5F4470DC6C}.Release|Any CPU.Build.0 = Release|Any CPU
		{77D19F76-0AD0-4F99-80D2-DF5F4470DC6C}.Release|x64.ActiveCfg = Release|Any CPU
		{77D19F76-0AD0-4F99-80D2-DF5F4470DC6C}.Release|x64.Build.0 = Release|Any CPU
		{77D19F76-0AD0-4F99-80D2-DF5F4470DC6C}.Release|x86.ActiveCfg = Release|Any CPU
		{77D19F76-0AD0-4F99-80D2-DF5F4470DC6C}.Release|x86.Build.0 = Release|Any CPU
		{D720FB09-4342-4ADD-8C99-5CC8F0B391E1}.Debug|Any CPU.ActiveCfg = Debug|Any CPU
		{D720FB09-4342-4ADD-8C99-5CC8F0B391E1}.Debug|Any CPU.Build.0 = Debug|Any CPU
		{D720FB09-4342-4ADD-8C99-5CC8F0B391E1}.Debug|x64.ActiveCfg = Debug|Any CPU
		{D720FB09-4342-4ADD-8C99-5CC8F0B391E1}.Debug|x64.Build.0 = Debug|Any CPU
		{D720FB09-4342-4ADD-8C99-5CC8F0B391E1}.Debug|x86.ActiveCfg = Debug|Any CPU
		{D720FB09-4342-4ADD-8C99-5CC8F0B391E1}.Debug|x86.Build.0 = Debug|Any CPU
		{D720FB09-4342-4ADD-8C99-5CC8F0B391E1}.Release|Any CPU.ActiveCfg = Release|Any CPU
		{D720FB09-4342-4ADD-8C99-5CC8F0B391E1}.Release|Any CPU.Build.0 = Release|Any CPU
		{D720FB09-4342-4ADD-8C99-5CC8F0B391E1}.Release|x64.ActiveCfg = Release|Any CPU
		{D720FB09-4342-4ADD-8C99-5CC8F0B391E1}.Release|x64.Build.0 = Release|Any CPU
		{D720FB09-4342-4ADD-8C99-5CC8F0B391E1}.Release|x86.ActiveCfg = Release|Any CPU
		{D720FB09-4342-4ADD-8C99-5CC8F0B391E1}.Release|x86.Build.0 = Release|Any CPU
		{E456F7D4-63AB-4782-83A3-7792FE7E1A8F}.Debug|Any CPU.ActiveCfg = Debug|Any CPU
		{E456F7D4-63AB-4782-83A3-7792FE7E1A8F}.Debug|Any CPU.Build.0 = Debug|Any CPU
		{E456F7D4-63AB-4782-83A3-7792FE7E1A8F}.Debug|x64.ActiveCfg = Debug|Any CPU
		{E456F7D4-63AB-4782-83A3-7792FE7E1A8F}.Debug|x64.Build.0 = Debug|Any CPU
		{E456F7D4-63AB-4782-83A3-7792FE7E1A8F}.Debug|x86.ActiveCfg = Debug|Any CPU
		{E456F7D4-63AB-4782-83A3-7792FE7E1A8F}.Debug|x86.Build.0 = Debug|Any CPU
		{E456F7D4-63AB-4782-83A3-7792FE7E1A8F}.Release|Any CPU.ActiveCfg = Release|Any CPU
		{E456F7D4-63AB-4782-83A3-7792FE7E1A8F}.Release|Any CPU.Build.0 = Release|Any CPU
		{E456F7D4-63AB-4782-83A3-7792FE7E1A8F}.Release|x64.ActiveCfg = Release|Any CPU
		{E456F7D4-63AB-4782-83A3-7792FE7E1A8F}.Release|x64.Build.0 = Release|Any CPU
		{E456F7D4-63AB-4782-83A3-7792FE7E1A8F}.Release|x86.ActiveCfg = Release|Any CPU
		{E456F7D4-63AB-4782-83A3-7792FE7E1A8F}.Release|x86.Build.0 = Release|Any CPU
		{C0577D95-AA03-414E-A8B9-222E4DE88677}.Debug|Any CPU.ActiveCfg = Debug|Any CPU
		{C0577D95-AA03-414E-A8B9-222E4DE88677}.Debug|Any CPU.Build.0 = Debug|Any CPU
		{C0577D95-AA03-414E-A8B9-222E4DE88677}.Debug|x64.ActiveCfg = Debug|Any CPU
		{C0577D95-AA03-414E-A8B9-222E4DE88677}.Debug|x64.Build.0 = Debug|Any CPU
		{C0577D95-AA03-414E-A8B9-222E4DE88677}.Debug|x86.ActiveCfg = Debug|Any CPU
		{C0577D95-AA03-414E-A8B9-222E4DE88677}.Debug|x86.Build.0 = Debug|Any CPU
		{C0577D95-AA03-414E-A8B9-222E4DE88677}.Release|Any CPU.ActiveCfg = Release|Any CPU
		{C0577D95-AA03-414E-A8B9-222E4DE88677}.Release|Any CPU.Build.0 = Release|Any CPU
		{C0577D95-AA03-414E-A8B9-222E4DE88677}.Release|x64.ActiveCfg = Release|Any CPU
		{C0577D95-AA03-414E-A8B9-222E4DE88677}.Release|x64.Build.0 = Release|Any CPU
		{C0577D95-AA03-414E-A8B9-222E4DE88677}.Release|x86.ActiveCfg = Release|Any CPU
		{C0577D95-AA03-414E-A8B9-222E4DE88677}.Release|x86.Build.0 = Release|Any CPU
		{B77A5FD1-4A9D-41B7-814A-D67C8CD757EE}.Debug|Any CPU.ActiveCfg = Debug|Any CPU
		{B77A5FD1-4A9D-41B7-814A-D67C8CD757EE}.Debug|Any CPU.Build.0 = Debug|Any CPU
		{B77A5FD1-4A9D-41B7-814A-D67C8CD757EE}.Debug|x64.ActiveCfg = Debug|Any CPU
		{B77A5FD1-4A9D-41B7-814A-D67C8CD757EE}.Debug|x64.Build.0 = Debug|Any CPU
		{B77A5FD1-4A9D-41B7-814A-D67C8CD757EE}.Debug|x86.ActiveCfg = Debug|Any CPU
		{B77A5FD1-4A9D-41B7-814A-D67C8CD757EE}.Debug|x86.Build.0 = Debug|Any CPU
		{B77A5FD1-4A9D-41B7-814A-D67C8CD757EE}.Release|Any CPU.ActiveCfg = Release|Any CPU
		{B77A5FD1-4A9D-41B7-814A-D67C8CD757EE}.Release|Any CPU.Build.0 = Release|Any CPU
		{B77A5FD1-4A9D-41B7-814A-D67C8CD757EE}.Release|x64.ActiveCfg = Release|Any CPU
		{B77A5FD1-4A9D-41B7-814A-D67C8CD757EE}.Release|x64.Build.0 = Release|Any CPU
		{B77A5FD1-4A9D-41B7-814A-D67C8CD757EE}.Release|x86.ActiveCfg = Release|Any CPU
		{B77A5FD1-4A9D-41B7-814A-D67C8CD757EE}.Release|x86.Build.0 = Release|Any CPU
		{C36E1E84-6DD4-46CE-A69C-4FCCCB36732C}.Debug|Any CPU.ActiveCfg = Debug|Any CPU
		{C36E1E84-6DD4-46CE-A69C-4FCCCB36732C}.Debug|Any CPU.Build.0 = Debug|Any CPU
		{C36E1E84-6DD4-46CE-A69C-4FCCCB36732C}.Debug|x64.ActiveCfg = Debug|Any CPU
		{C36E1E84-6DD4-46CE-A69C-4FCCCB36732C}.Debug|x64.Build.0 = Debug|Any CPU
		{C36E1E84-6DD4-46CE-A69C-4FCCCB36732C}.Debug|x86.ActiveCfg = Debug|Any CPU
		{C36E1E84-6DD4-46CE-A69C-4FCCCB36732C}.Debug|x86.Build.0 = Debug|Any CPU
		{C36E1E84-6DD4-46CE-A69C-4FCCCB36732C}.Release|Any CPU.ActiveCfg = Release|Any CPU
		{C36E1E84-6DD4-46CE-A69C-4FCCCB36732C}.Release|Any CPU.Build.0 = Release|Any CPU
		{C36E1E84-6DD4-46CE-A69C-4FCCCB36732C}.Release|x64.ActiveCfg = Release|Any CPU
		{C36E1E84-6DD4-46CE-A69C-4FCCCB36732C}.Release|x64.Build.0 = Release|Any CPU
		{C36E1E84-6DD4-46CE-A69C-4FCCCB36732C}.Release|x86.ActiveCfg = Release|Any CPU
		{C36E1E84-6DD4-46CE-A69C-4FCCCB36732C}.Release|x86.Build.0 = Release|Any CPU
		{CFCFC7B4-F275-4163-9B3E-496EC7ABA7C5}.Debug|Any CPU.ActiveCfg = Debug|Any CPU
		{CFCFC7B4-F275-4163-9B3E-496EC7ABA7C5}.Debug|Any CPU.Build.0 = Debug|Any CPU
		{CFCFC7B4-F275-4163-9B3E-496EC7ABA7C5}.Debug|x64.ActiveCfg = Debug|Any CPU
		{CFCFC7B4-F275-4163-9B3E-496EC7ABA7C5}.Debug|x64.Build.0 = Debug|Any CPU
		{CFCFC7B4-F275-4163-9B3E-496EC7ABA7C5}.Debug|x86.ActiveCfg = Debug|Any CPU
		{CFCFC7B4-F275-4163-9B3E-496EC7ABA7C5}.Debug|x86.Build.0 = Debug|Any CPU
		{CFCFC7B4-F275-4163-9B3E-496EC7ABA7C5}.Release|Any CPU.ActiveCfg = Release|Any CPU
		{CFCFC7B4-F275-4163-9B3E-496EC7ABA7C5}.Release|Any CPU.Build.0 = Release|Any CPU
		{CFCFC7B4-F275-4163-9B3E-496EC7ABA7C5}.Release|x64.ActiveCfg = Release|Any CPU
		{CFCFC7B4-F275-4163-9B3E-496EC7ABA7C5}.Release|x64.Build.0 = Release|Any CPU
		{CFCFC7B4-F275-4163-9B3E-496EC7ABA7C5}.Release|x86.ActiveCfg = Release|Any CPU
		{CFCFC7B4-F275-4163-9B3E-496EC7ABA7C5}.Release|x86.Build.0 = Release|Any CPU
		{70766901-1CE2-4D5F-98BE-73785BB38891}.Debug|Any CPU.ActiveCfg = Debug|Any CPU
		{70766901-1CE2-4D5F-98BE-73785BB38891}.Debug|Any CPU.Build.0 = Debug|Any CPU
		{70766901-1CE2-4D5F-98BE-73785BB38891}.Debug|x64.ActiveCfg = Debug|Any CPU
		{70766901-1CE2-4D5F-98BE-73785BB38891}.Debug|x64.Build.0 = Debug|Any CPU
		{70766901-1CE2-4D5F-98BE-73785BB38891}.Debug|x86.ActiveCfg = Debug|Any CPU
		{70766901-1CE2-4D5F-98BE-73785BB38891}.Debug|x86.Build.0 = Debug|Any CPU
		{70766901-1CE2-4D5F-98BE-73785BB38891}.Release|Any CPU.ActiveCfg = Release|Any CPU
		{70766901-1CE2-4D5F-98BE-73785BB38891}.Release|Any CPU.Build.0 = Release|Any CPU
		{70766901-1CE2-4D5F-98BE-73785BB38891}.Release|x64.ActiveCfg = Release|Any CPU
		{70766901-1CE2-4D5F-98BE-73785BB38891}.Release|x64.Build.0 = Release|Any CPU
		{70766901-1CE2-4D5F-98BE-73785BB38891}.Release|x86.ActiveCfg = Release|Any CPU
		{70766901-1CE2-4D5F-98BE-73785BB38891}.Release|x86.Build.0 = Release|Any CPU
		{932098C4-CD26-4FE5-80A6-E4DD9C471D33}.Debug|Any CPU.ActiveCfg = Debug|Any CPU
		{932098C4-CD26-4FE5-80A6-E4DD9C471D33}.Debug|Any CPU.Build.0 = Debug|Any CPU
		{932098C4-CD26-4FE5-80A6-E4DD9C471D33}.Debug|x64.ActiveCfg = Debug|Any CPU
		{932098C4-CD26-4FE5-80A6-E4DD9C471D33}.Debug|x64.Build.0 = Debug|Any CPU
		{932098C4-CD26-4FE5-80A6-E4DD9C471D33}.Debug|x86.ActiveCfg = Debug|Any CPU
		{932098C4-CD26-4FE5-80A6-E4DD9C471D33}.Debug|x86.Build.0 = Debug|Any CPU
		{932098C4-CD26-4FE5-80A6-E4DD9C471D33}.Release|Any CPU.ActiveCfg = Release|Any CPU
		{932098C4-CD26-4FE5-80A6-E4DD9C471D33}.Release|Any CPU.Build.0 = Release|Any CPU
		{932098C4-CD26-4FE5-80A6-E4DD9C471D33}.Release|x64.ActiveCfg = Release|Any CPU
		{932098C4-CD26-4FE5-80A6-E4DD9C471D33}.Release|x64.Build.0 = Release|Any CPU
		{932098C4-CD26-4FE5-80A6-E4DD9C471D33}.Release|x86.ActiveCfg = Release|Any CPU
		{932098C4-CD26-4FE5-80A6-E4DD9C471D33}.Release|x86.Build.0 = Release|Any CPU
		{72A671E1-F0D0-4325-9B4C-ECCC3CF823B6}.Debug|Any CPU.ActiveCfg = Debug|Any CPU
		{72A671E1-F0D0-4325-9B4C-ECCC3CF823B6}.Debug|Any CPU.Build.0 = Debug|Any CPU
		{72A671E1-F0D0-4325-9B4C-ECCC3CF823B6}.Debug|x64.ActiveCfg = Debug|Any CPU
		{72A671E1-F0D0-4325-9B4C-ECCC3CF823B6}.Debug|x64.Build.0 = Debug|Any CPU
		{72A671E1-F0D0-4325-9B4C-ECCC3CF823B6}.Debug|x86.ActiveCfg = Debug|Any CPU
		{72A671E1-F0D0-4325-9B4C-ECCC3CF823B6}.Debug|x86.Build.0 = Debug|Any CPU
		{72A671E1-F0D0-4325-9B4C-ECCC3CF823B6}.Release|Any CPU.ActiveCfg = Release|Any CPU
		{72A671E1-F0D0-4325-9B4C-ECCC3CF823B6}.Release|Any CPU.Build.0 = Release|Any CPU
		{72A671E1-F0D0-4325-9B4C-ECCC3CF823B6}.Release|x64.ActiveCfg = Release|Any CPU
		{72A671E1-F0D0-4325-9B4C-ECCC3CF823B6}.Release|x64.Build.0 = Release|Any CPU
		{72A671E1-F0D0-4325-9B4C-ECCC3CF823B6}.Release|x86.ActiveCfg = Release|Any CPU
		{72A671E1-F0D0-4325-9B4C-ECCC3CF823B6}.Release|x86.Build.0 = Release|Any CPU
		{0B10F441-4A9F-489C-9E9D-A26C3A62E737}.Debug|Any CPU.ActiveCfg = Debug|Any CPU
		{0B10F441-4A9F-489C-9E9D-A26C3A62E737}.Debug|Any CPU.Build.0 = Debug|Any CPU
		{0B10F441-4A9F-489C-9E9D-A26C3A62E737}.Debug|x64.ActiveCfg = Debug|Any CPU
		{0B10F441-4A9F-489C-9E9D-A26C3A62E737}.Debug|x64.Build.0 = Debug|Any CPU
		{0B10F441-4A9F-489C-9E9D-A26C3A62E737}.Debug|x86.ActiveCfg = Debug|Any CPU
		{0B10F441-4A9F-489C-9E9D-A26C3A62E737}.Debug|x86.Build.0 = Debug|Any CPU
		{0B10F441-4A9F-489C-9E9D-A26C3A62E737}.Release|Any CPU.ActiveCfg = Release|Any CPU
		{0B10F441-4A9F-489C-9E9D-A26C3A62E737}.Release|Any CPU.Build.0 = Release|Any CPU
		{0B10F441-4A9F-489C-9E9D-A26C3A62E737}.Release|x64.ActiveCfg = Release|Any CPU
		{0B10F441-4A9F-489C-9E9D-A26C3A62E737}.Release|x64.Build.0 = Release|Any CPU
		{0B10F441-4A9F-489C-9E9D-A26C3A62E737}.Release|x86.ActiveCfg = Release|Any CPU
		{0B10F441-4A9F-489C-9E9D-A26C3A62E737}.Release|x86.Build.0 = Release|Any CPU
		{8BC4B8A6-C6C0-4D80-BD0C-5A3A5959ACC9}.Debug|Any CPU.ActiveCfg = Debug|Any CPU
		{8BC4B8A6-C6C0-4D80-BD0C-5A3A5959ACC9}.Debug|Any CPU.Build.0 = Debug|Any CPU
		{8BC4B8A6-C6C0-4D80-BD0C-5A3A5959ACC9}.Debug|x64.ActiveCfg = Debug|Any CPU
		{8BC4B8A6-C6C0-4D80-BD0C-5A3A5959ACC9}.Debug|x64.Build.0 = Debug|Any CPU
		{8BC4B8A6-C6C0-4D80-BD0C-5A3A5959ACC9}.Debug|x86.ActiveCfg = Debug|Any CPU
		{8BC4B8A6-C6C0-4D80-BD0C-5A3A5959ACC9}.Debug|x86.Build.0 = Debug|Any CPU
		{8BC4B8A6-C6C0-4D80-BD0C-5A3A5959ACC9}.Release|Any CPU.ActiveCfg = Release|Any CPU
		{8BC4B8A6-C6C0-4D80-BD0C-5A3A5959ACC9}.Release|Any CPU.Build.0 = Release|Any CPU
		{8BC4B8A6-C6C0-4D80-BD0C-5A3A5959ACC9}.Release|x64.ActiveCfg = Release|Any CPU
		{8BC4B8A6-C6C0-4D80-BD0C-5A3A5959ACC9}.Release|x64.Build.0 = Release|Any CPU
		{8BC4B8A6-C6C0-4D80-BD0C-5A3A5959ACC9}.Release|x86.ActiveCfg = Release|Any CPU
		{8BC4B8A6-C6C0-4D80-BD0C-5A3A5959ACC9}.Release|x86.Build.0 = Release|Any CPU
		{73F34419-472F-491D-B27F-5358D80CF72F}.Debug|Any CPU.ActiveCfg = Debug|Any CPU
		{73F34419-472F-491D-B27F-5358D80CF72F}.Debug|Any CPU.Build.0 = Debug|Any CPU
		{73F34419-472F-491D-B27F-5358D80CF72F}.Debug|x64.ActiveCfg = Debug|Any CPU
		{73F34419-472F-491D-B27F-5358D80CF72F}.Debug|x64.Build.0 = Debug|Any CPU
		{73F34419-472F-491D-B27F-5358D80CF72F}.Debug|x86.ActiveCfg = Debug|Any CPU
		{73F34419-472F-491D-B27F-5358D80CF72F}.Debug|x86.Build.0 = Debug|Any CPU
		{73F34419-472F-491D-B27F-5358D80CF72F}.Release|Any CPU.ActiveCfg = Release|Any CPU
		{73F34419-472F-491D-B27F-5358D80CF72F}.Release|Any CPU.Build.0 = Release|Any CPU
		{73F34419-472F-491D-B27F-5358D80CF72F}.Release|x64.ActiveCfg = Release|Any CPU
		{73F34419-472F-491D-B27F-5358D80CF72F}.Release|x64.Build.0 = Release|Any CPU
		{73F34419-472F-491D-B27F-5358D80CF72F}.Release|x86.ActiveCfg = Release|Any CPU
		{73F34419-472F-491D-B27F-5358D80CF72F}.Release|x86.Build.0 = Release|Any CPU
		{00A00C6C-9016-4257-8FDA-EA99335DD1C5}.Debug|Any CPU.ActiveCfg = Debug|Any CPU
		{00A00C6C-9016-4257-8FDA-EA99335DD1C5}.Debug|Any CPU.Build.0 = Debug|Any CPU
		{00A00C6C-9016-4257-8FDA-EA99335DD1C5}.Debug|x64.ActiveCfg = Debug|Any CPU
		{00A00C6C-9016-4257-8FDA-EA99335DD1C5}.Debug|x64.Build.0 = Debug|Any CPU
		{00A00C6C-9016-4257-8FDA-EA99335DD1C5}.Debug|x86.ActiveCfg = Debug|Any CPU
		{00A00C6C-9016-4257-8FDA-EA99335DD1C5}.Debug|x86.Build.0 = Debug|Any CPU
		{00A00C6C-9016-4257-8FDA-EA99335DD1C5}.Release|Any CPU.ActiveCfg = Release|Any CPU
		{00A00C6C-9016-4257-8FDA-EA99335DD1C5}.Release|Any CPU.Build.0 = Release|Any CPU
		{00A00C6C-9016-4257-8FDA-EA99335DD1C5}.Release|x64.ActiveCfg = Release|Any CPU
		{00A00C6C-9016-4257-8FDA-EA99335DD1C5}.Release|x64.Build.0 = Release|Any CPU
		{00A00C6C-9016-4257-8FDA-EA99335DD1C5}.Release|x86.ActiveCfg = Release|Any CPU
		{00A00C6C-9016-4257-8FDA-EA99335DD1C5}.Release|x86.Build.0 = Release|Any CPU
		{63A92173-6C88-412A-8CE8-25E9BBF706CE}.Debug|Any CPU.ActiveCfg = Debug|Any CPU
		{63A92173-6C88-412A-8CE8-25E9BBF706CE}.Debug|Any CPU.Build.0 = Debug|Any CPU
		{63A92173-6C88-412A-8CE8-25E9BBF706CE}.Debug|x64.ActiveCfg = Debug|Any CPU
		{63A92173-6C88-412A-8CE8-25E9BBF706CE}.Debug|x64.Build.0 = Debug|Any CPU
		{63A92173-6C88-412A-8CE8-25E9BBF706CE}.Debug|x86.ActiveCfg = Debug|Any CPU
		{63A92173-6C88-412A-8CE8-25E9BBF706CE}.Debug|x86.Build.0 = Debug|Any CPU
		{63A92173-6C88-412A-8CE8-25E9BBF706CE}.Release|Any CPU.ActiveCfg = Release|Any CPU
		{63A92173-6C88-412A-8CE8-25E9BBF706CE}.Release|Any CPU.Build.0 = Release|Any CPU
		{63A92173-6C88-412A-8CE8-25E9BBF706CE}.Release|x64.ActiveCfg = Release|Any CPU
		{63A92173-6C88-412A-8CE8-25E9BBF706CE}.Release|x64.Build.0 = Release|Any CPU
		{63A92173-6C88-412A-8CE8-25E9BBF706CE}.Release|x86.ActiveCfg = Release|Any CPU
		{63A92173-6C88-412A-8CE8-25E9BBF706CE}.Release|x86.Build.0 = Release|Any CPU
		{C1320D44-45DD-45EC-9129-984885FC2FEF}.Debug|Any CPU.ActiveCfg = Debug|Any CPU
		{C1320D44-45DD-45EC-9129-984885FC2FEF}.Debug|Any CPU.Build.0 = Debug|Any CPU
		{C1320D44-45DD-45EC-9129-984885FC2FEF}.Debug|x64.ActiveCfg = Debug|Any CPU
		{C1320D44-45DD-45EC-9129-984885FC2FEF}.Debug|x64.Build.0 = Debug|Any CPU
		{C1320D44-45DD-45EC-9129-984885FC2FEF}.Debug|x86.ActiveCfg = Debug|Any CPU
		{C1320D44-45DD-45EC-9129-984885FC2FEF}.Debug|x86.Build.0 = Debug|Any CPU
		{C1320D44-45DD-45EC-9129-984885FC2FEF}.Release|Any CPU.ActiveCfg = Release|Any CPU
		{C1320D44-45DD-45EC-9129-984885FC2FEF}.Release|Any CPU.Build.0 = Release|Any CPU
		{C1320D44-45DD-45EC-9129-984885FC2FEF}.Release|x64.ActiveCfg = Release|Any CPU
		{C1320D44-45DD-45EC-9129-984885FC2FEF}.Release|x64.Build.0 = Release|Any CPU
		{C1320D44-45DD-45EC-9129-984885FC2FEF}.Release|x86.ActiveCfg = Release|Any CPU
		{C1320D44-45DD-45EC-9129-984885FC2FEF}.Release|x86.Build.0 = Release|Any CPU
		{929871E8-457F-4CAB-BF76-1D3782446012}.Debug|Any CPU.ActiveCfg = Debug|Any CPU
		{929871E8-457F-4CAB-BF76-1D3782446012}.Debug|Any CPU.Build.0 = Debug|Any CPU
		{929871E8-457F-4CAB-BF76-1D3782446012}.Debug|x64.ActiveCfg = Debug|Any CPU
		{929871E8-457F-4CAB-BF76-1D3782446012}.Debug|x64.Build.0 = Debug|Any CPU
		{929871E8-457F-4CAB-BF76-1D3782446012}.Debug|x86.ActiveCfg = Debug|Any CPU
		{929871E8-457F-4CAB-BF76-1D3782446012}.Debug|x86.Build.0 = Debug|Any CPU
		{929871E8-457F-4CAB-BF76-1D3782446012}.Release|Any CPU.ActiveCfg = Release|Any CPU
		{929871E8-457F-4CAB-BF76-1D3782446012}.Release|Any CPU.Build.0 = Release|Any CPU
		{929871E8-457F-4CAB-BF76-1D3782446012}.Release|x64.ActiveCfg = Release|Any CPU
		{929871E8-457F-4CAB-BF76-1D3782446012}.Release|x64.Build.0 = Release|Any CPU
		{929871E8-457F-4CAB-BF76-1D3782446012}.Release|x86.ActiveCfg = Release|Any CPU
		{929871E8-457F-4CAB-BF76-1D3782446012}.Release|x86.Build.0 = Release|Any CPU
		{B31E31A4-8406-462D-AB02-746CF23659A7}.Debug|Any CPU.ActiveCfg = Debug|Any CPU
		{B31E31A4-8406-462D-AB02-746CF23659A7}.Debug|Any CPU.Build.0 = Debug|Any CPU
		{B31E31A4-8406-462D-AB02-746CF23659A7}.Debug|x64.ActiveCfg = Debug|Any CPU
		{B31E31A4-8406-462D-AB02-746CF23659A7}.Debug|x64.Build.0 = Debug|Any CPU
		{B31E31A4-8406-462D-AB02-746CF23659A7}.Debug|x86.ActiveCfg = Debug|Any CPU
		{B31E31A4-8406-462D-AB02-746CF23659A7}.Debug|x86.Build.0 = Debug|Any CPU
		{B31E31A4-8406-462D-AB02-746CF23659A7}.Release|Any CPU.ActiveCfg = Release|Any CPU
		{B31E31A4-8406-462D-AB02-746CF23659A7}.Release|Any CPU.Build.0 = Release|Any CPU
		{B31E31A4-8406-462D-AB02-746CF23659A7}.Release|x64.ActiveCfg = Release|Any CPU
		{B31E31A4-8406-462D-AB02-746CF23659A7}.Release|x64.Build.0 = Release|Any CPU
		{B31E31A4-8406-462D-AB02-746CF23659A7}.Release|x86.ActiveCfg = Release|Any CPU
		{B31E31A4-8406-462D-AB02-746CF23659A7}.Release|x86.Build.0 = Release|Any CPU
		{6563C9EC-E8EF-42A8-BB5B-4E1B6ABE97F0}.Debug|Any CPU.ActiveCfg = Debug|Any CPU
		{6563C9EC-E8EF-42A8-BB5B-4E1B6ABE97F0}.Debug|Any CPU.Build.0 = Debug|Any CPU
		{6563C9EC-E8EF-42A8-BB5B-4E1B6ABE97F0}.Debug|x64.ActiveCfg = Debug|Any CPU
		{6563C9EC-E8EF-42A8-BB5B-4E1B6ABE97F0}.Debug|x64.Build.0 = Debug|Any CPU
		{6563C9EC-E8EF-42A8-BB5B-4E1B6ABE97F0}.Debug|x86.ActiveCfg = Debug|Any CPU
		{6563C9EC-E8EF-42A8-BB5B-4E1B6ABE97F0}.Debug|x86.Build.0 = Debug|Any CPU
		{6563C9EC-E8EF-42A8-BB5B-4E1B6ABE97F0}.Release|Any CPU.ActiveCfg = Release|Any CPU
		{6563C9EC-E8EF-42A8-BB5B-4E1B6ABE97F0}.Release|Any CPU.Build.0 = Release|Any CPU
		{6563C9EC-E8EF-42A8-BB5B-4E1B6ABE97F0}.Release|x64.ActiveCfg = Release|Any CPU
		{6563C9EC-E8EF-42A8-BB5B-4E1B6ABE97F0}.Release|x64.Build.0 = Release|Any CPU
		{6563C9EC-E8EF-42A8-BB5B-4E1B6ABE97F0}.Release|x86.ActiveCfg = Release|Any CPU
		{6563C9EC-E8EF-42A8-BB5B-4E1B6ABE97F0}.Release|x86.Build.0 = Release|Any CPU
		{07992B13-CAFB-4626-9CB6-4DA313525328}.Debug|Any CPU.ActiveCfg = Debug|Any CPU
		{07992B13-CAFB-4626-9CB6-4DA313525328}.Debug|Any CPU.Build.0 = Debug|Any CPU
		{07992B13-CAFB-4626-9CB6-4DA313525328}.Debug|x64.ActiveCfg = Debug|Any CPU
		{07992B13-CAFB-4626-9CB6-4DA313525328}.Debug|x64.Build.0 = Debug|Any CPU
		{07992B13-CAFB-4626-9CB6-4DA313525328}.Debug|x86.ActiveCfg = Debug|Any CPU
		{07992B13-CAFB-4626-9CB6-4DA313525328}.Debug|x86.Build.0 = Debug|Any CPU
		{07992B13-CAFB-4626-9CB6-4DA313525328}.Release|Any CPU.ActiveCfg = Release|Any CPU
		{07992B13-CAFB-4626-9CB6-4DA313525328}.Release|Any CPU.Build.0 = Release|Any CPU
		{07992B13-CAFB-4626-9CB6-4DA313525328}.Release|x64.ActiveCfg = Release|Any CPU
		{07992B13-CAFB-4626-9CB6-4DA313525328}.Release|x64.Build.0 = Release|Any CPU
		{07992B13-CAFB-4626-9CB6-4DA313525328}.Release|x86.ActiveCfg = Release|Any CPU
		{07992B13-CAFB-4626-9CB6-4DA313525328}.Release|x86.Build.0 = Release|Any CPU
		{FB552171-F941-4FA6-BD69-502B893ABB94}.Debug|Any CPU.ActiveCfg = Debug|Any CPU
		{FB552171-F941-4FA6-BD69-502B893ABB94}.Debug|Any CPU.Build.0 = Debug|Any CPU
		{FB552171-F941-4FA6-BD69-502B893ABB94}.Debug|x64.ActiveCfg = Debug|Any CPU
		{FB552171-F941-4FA6-BD69-502B893ABB94}.Debug|x64.Build.0 = Debug|Any CPU
		{FB552171-F941-4FA6-BD69-502B893ABB94}.Debug|x86.ActiveCfg = Debug|Any CPU
		{FB552171-F941-4FA6-BD69-502B893ABB94}.Debug|x86.Build.0 = Debug|Any CPU
		{FB552171-F941-4FA6-BD69-502B893ABB94}.Release|Any CPU.ActiveCfg = Release|Any CPU
		{FB552171-F941-4FA6-BD69-502B893ABB94}.Release|Any CPU.Build.0 = Release|Any CPU
		{FB552171-F941-4FA6-BD69-502B893ABB94}.Release|x64.ActiveCfg = Release|Any CPU
		{FB552171-F941-4FA6-BD69-502B893ABB94}.Release|x64.Build.0 = Release|Any CPU
		{FB552171-F941-4FA6-BD69-502B893ABB94}.Release|x86.ActiveCfg = Release|Any CPU
		{FB552171-F941-4FA6-BD69-502B893ABB94}.Release|x86.Build.0 = Release|Any CPU
		{7DFF96BE-A077-4D3B-B07C-DFD0225DF367}.Debug|Any CPU.ActiveCfg = Debug|Any CPU
		{7DFF96BE-A077-4D3B-B07C-DFD0225DF367}.Debug|Any CPU.Build.0 = Debug|Any CPU
		{7DFF96BE-A077-4D3B-B07C-DFD0225DF367}.Debug|x64.ActiveCfg = Debug|Any CPU
		{7DFF96BE-A077-4D3B-B07C-DFD0225DF367}.Debug|x64.Build.0 = Debug|Any CPU
		{7DFF96BE-A077-4D3B-B07C-DFD0225DF367}.Debug|x86.ActiveCfg = Debug|Any CPU
		{7DFF96BE-A077-4D3B-B07C-DFD0225DF367}.Debug|x86.Build.0 = Debug|Any CPU
		{7DFF96BE-A077-4D3B-B07C-DFD0225DF367}.Release|Any CPU.ActiveCfg = Release|Any CPU
		{7DFF96BE-A077-4D3B-B07C-DFD0225DF367}.Release|Any CPU.Build.0 = Release|Any CPU
		{7DFF96BE-A077-4D3B-B07C-DFD0225DF367}.Release|x64.ActiveCfg = Release|Any CPU
		{7DFF96BE-A077-4D3B-B07C-DFD0225DF367}.Release|x64.Build.0 = Release|Any CPU
		{7DFF96BE-A077-4D3B-B07C-DFD0225DF367}.Release|x86.ActiveCfg = Release|Any CPU
		{7DFF96BE-A077-4D3B-B07C-DFD0225DF367}.Release|x86.Build.0 = Release|Any CPU
		{11FC05AD-5189-453D-80D4-F215F4649FAE}.Debug|Any CPU.ActiveCfg = Debug|Any CPU
		{11FC05AD-5189-453D-80D4-F215F4649FAE}.Debug|Any CPU.Build.0 = Debug|Any CPU
		{11FC05AD-5189-453D-80D4-F215F4649FAE}.Debug|x64.ActiveCfg = Debug|Any CPU
		{11FC05AD-5189-453D-80D4-F215F4649FAE}.Debug|x64.Build.0 = Debug|Any CPU
		{11FC05AD-5189-453D-80D4-F215F4649FAE}.Debug|x86.ActiveCfg = Debug|Any CPU
		{11FC05AD-5189-453D-80D4-F215F4649FAE}.Debug|x86.Build.0 = Debug|Any CPU
		{11FC05AD-5189-453D-80D4-F215F4649FAE}.Release|Any CPU.ActiveCfg = Release|Any CPU
		{11FC05AD-5189-453D-80D4-F215F4649FAE}.Release|Any CPU.Build.0 = Release|Any CPU
		{11FC05AD-5189-453D-80D4-F215F4649FAE}.Release|x64.ActiveCfg = Release|Any CPU
		{11FC05AD-5189-453D-80D4-F215F4649FAE}.Release|x64.Build.0 = Release|Any CPU
		{11FC05AD-5189-453D-80D4-F215F4649FAE}.Release|x86.ActiveCfg = Release|Any CPU
		{11FC05AD-5189-453D-80D4-F215F4649FAE}.Release|x86.Build.0 = Release|Any CPU
		{BD3FB033-4BF6-4513-BF1C-756DB3E2FF6C}.Debug|Any CPU.ActiveCfg = Debug|Any CPU
		{BD3FB033-4BF6-4513-BF1C-756DB3E2FF6C}.Debug|Any CPU.Build.0 = Debug|Any CPU
		{BD3FB033-4BF6-4513-BF1C-756DB3E2FF6C}.Debug|x64.ActiveCfg = Debug|Any CPU
		{BD3FB033-4BF6-4513-BF1C-756DB3E2FF6C}.Debug|x64.Build.0 = Debug|Any CPU
		{BD3FB033-4BF6-4513-BF1C-756DB3E2FF6C}.Debug|x86.ActiveCfg = Debug|Any CPU
		{BD3FB033-4BF6-4513-BF1C-756DB3E2FF6C}.Debug|x86.Build.0 = Debug|Any CPU
		{BD3FB033-4BF6-4513-BF1C-756DB3E2FF6C}.Release|Any CPU.ActiveCfg = Release|Any CPU
		{BD3FB033-4BF6-4513-BF1C-756DB3E2FF6C}.Release|Any CPU.Build.0 = Release|Any CPU
		{BD3FB033-4BF6-4513-BF1C-756DB3E2FF6C}.Release|x64.ActiveCfg = Release|Any CPU
		{BD3FB033-4BF6-4513-BF1C-756DB3E2FF6C}.Release|x64.Build.0 = Release|Any CPU
		{BD3FB033-4BF6-4513-BF1C-756DB3E2FF6C}.Release|x86.ActiveCfg = Release|Any CPU
		{BD3FB033-4BF6-4513-BF1C-756DB3E2FF6C}.Release|x86.Build.0 = Release|Any CPU
		{951AB373-ECE5-45D3-BF07-FC9E19AA8FBB}.Debug|Any CPU.ActiveCfg = Debug|Any CPU
		{951AB373-ECE5-45D3-BF07-FC9E19AA8FBB}.Debug|Any CPU.Build.0 = Debug|Any CPU
		{951AB373-ECE5-45D3-BF07-FC9E19AA8FBB}.Debug|x64.ActiveCfg = Debug|Any CPU
		{951AB373-ECE5-45D3-BF07-FC9E19AA8FBB}.Debug|x64.Build.0 = Debug|Any CPU
		{951AB373-ECE5-45D3-BF07-FC9E19AA8FBB}.Debug|x86.ActiveCfg = Debug|Any CPU
		{951AB373-ECE5-45D3-BF07-FC9E19AA8FBB}.Debug|x86.Build.0 = Debug|Any CPU
		{951AB373-ECE5-45D3-BF07-FC9E19AA8FBB}.Release|Any CPU.ActiveCfg = Release|Any CPU
		{951AB373-ECE5-45D3-BF07-FC9E19AA8FBB}.Release|Any CPU.Build.0 = Release|Any CPU
		{951AB373-ECE5-45D3-BF07-FC9E19AA8FBB}.Release|x64.ActiveCfg = Release|Any CPU
		{951AB373-ECE5-45D3-BF07-FC9E19AA8FBB}.Release|x64.Build.0 = Release|Any CPU
		{951AB373-ECE5-45D3-BF07-FC9E19AA8FBB}.Release|x86.ActiveCfg = Release|Any CPU
		{951AB373-ECE5-45D3-BF07-FC9E19AA8FBB}.Release|x86.Build.0 = Release|Any CPU
		{BE993A7E-F5DA-43EB-8424-6F83F16DA738}.Debug|Any CPU.ActiveCfg = Debug|Any CPU
		{BE993A7E-F5DA-43EB-8424-6F83F16DA738}.Debug|Any CPU.Build.0 = Debug|Any CPU
		{BE993A7E-F5DA-43EB-8424-6F83F16DA738}.Debug|x64.ActiveCfg = Debug|Any CPU
		{BE993A7E-F5DA-43EB-8424-6F83F16DA738}.Debug|x64.Build.0 = Debug|Any CPU
		{BE993A7E-F5DA-43EB-8424-6F83F16DA738}.Debug|x86.ActiveCfg = Debug|Any CPU
		{BE993A7E-F5DA-43EB-8424-6F83F16DA738}.Debug|x86.Build.0 = Debug|Any CPU
		{BE993A7E-F5DA-43EB-8424-6F83F16DA738}.Release|Any CPU.ActiveCfg = Release|Any CPU
		{BE993A7E-F5DA-43EB-8424-6F83F16DA738}.Release|Any CPU.Build.0 = Release|Any CPU
		{BE993A7E-F5DA-43EB-8424-6F83F16DA738}.Release|x64.ActiveCfg = Release|Any CPU
		{BE993A7E-F5DA-43EB-8424-6F83F16DA738}.Release|x64.Build.0 = Release|Any CPU
		{BE993A7E-F5DA-43EB-8424-6F83F16DA738}.Release|x86.ActiveCfg = Release|Any CPU
		{BE993A7E-F5DA-43EB-8424-6F83F16DA738}.Release|x86.Build.0 = Release|Any CPU
		{D0AF605A-EDE0-4E12-BB20-7C5DC2FF1E45}.Debug|Any CPU.ActiveCfg = Debug|Any CPU
		{D0AF605A-EDE0-4E12-BB20-7C5DC2FF1E45}.Debug|Any CPU.Build.0 = Debug|Any CPU
		{D0AF605A-EDE0-4E12-BB20-7C5DC2FF1E45}.Debug|x64.ActiveCfg = Debug|Any CPU
		{D0AF605A-EDE0-4E12-BB20-7C5DC2FF1E45}.Debug|x64.Build.0 = Debug|Any CPU
		{D0AF605A-EDE0-4E12-BB20-7C5DC2FF1E45}.Debug|x86.ActiveCfg = Debug|Any CPU
		{D0AF605A-EDE0-4E12-BB20-7C5DC2FF1E45}.Debug|x86.Build.0 = Debug|Any CPU
		{D0AF605A-EDE0-4E12-BB20-7C5DC2FF1E45}.Release|Any CPU.ActiveCfg = Release|Any CPU
		{D0AF605A-EDE0-4E12-BB20-7C5DC2FF1E45}.Release|Any CPU.Build.0 = Release|Any CPU
		{D0AF605A-EDE0-4E12-BB20-7C5DC2FF1E45}.Release|x64.ActiveCfg = Release|Any CPU
		{D0AF605A-EDE0-4E12-BB20-7C5DC2FF1E45}.Release|x64.Build.0 = Release|Any CPU
		{D0AF605A-EDE0-4E12-BB20-7C5DC2FF1E45}.Release|x86.ActiveCfg = Release|Any CPU
		{D0AF605A-EDE0-4E12-BB20-7C5DC2FF1E45}.Release|x86.Build.0 = Release|Any CPU
		{C910A8FB-8F01-4E51-A446-25BDE0C3E3E7}.Debug|Any CPU.ActiveCfg = Debug|Any CPU
		{C910A8FB-8F01-4E51-A446-25BDE0C3E3E7}.Debug|Any CPU.Build.0 = Debug|Any CPU
		{C910A8FB-8F01-4E51-A446-25BDE0C3E3E7}.Debug|x64.ActiveCfg = Debug|Any CPU
		{C910A8FB-8F01-4E51-A446-25BDE0C3E3E7}.Debug|x64.Build.0 = Debug|Any CPU
		{C910A8FB-8F01-4E51-A446-25BDE0C3E3E7}.Debug|x86.ActiveCfg = Debug|Any CPU
		{C910A8FB-8F01-4E51-A446-25BDE0C3E3E7}.Debug|x86.Build.0 = Debug|Any CPU
		{C910A8FB-8F01-4E51-A446-25BDE0C3E3E7}.Release|Any CPU.ActiveCfg = Release|Any CPU
		{C910A8FB-8F01-4E51-A446-25BDE0C3E3E7}.Release|Any CPU.Build.0 = Release|Any CPU
		{C910A8FB-8F01-4E51-A446-25BDE0C3E3E7}.Release|x64.ActiveCfg = Release|Any CPU
		{C910A8FB-8F01-4E51-A446-25BDE0C3E3E7}.Release|x64.Build.0 = Release|Any CPU
		{C910A8FB-8F01-4E51-A446-25BDE0C3E3E7}.Release|x86.ActiveCfg = Release|Any CPU
		{C910A8FB-8F01-4E51-A446-25BDE0C3E3E7}.Release|x86.Build.0 = Release|Any CPU
		{02F66BF1-738D-4E0F-BEB5-5F5A1CAD2DD4}.Debug|Any CPU.ActiveCfg = Debug|Any CPU
		{02F66BF1-738D-4E0F-BEB5-5F5A1CAD2DD4}.Debug|Any CPU.Build.0 = Debug|Any CPU
		{02F66BF1-738D-4E0F-BEB5-5F5A1CAD2DD4}.Debug|x64.ActiveCfg = Debug|Any CPU
		{02F66BF1-738D-4E0F-BEB5-5F5A1CAD2DD4}.Debug|x64.Build.0 = Debug|Any CPU
		{02F66BF1-738D-4E0F-BEB5-5F5A1CAD2DD4}.Debug|x86.ActiveCfg = Debug|Any CPU
		{02F66BF1-738D-4E0F-BEB5-5F5A1CAD2DD4}.Debug|x86.Build.0 = Debug|Any CPU
		{02F66BF1-738D-4E0F-BEB5-5F5A1CAD2DD4}.Release|Any CPU.ActiveCfg = Release|Any CPU
		{02F66BF1-738D-4E0F-BEB5-5F5A1CAD2DD4}.Release|Any CPU.Build.0 = Release|Any CPU
		{02F66BF1-738D-4E0F-BEB5-5F5A1CAD2DD4}.Release|x64.ActiveCfg = Release|Any CPU
		{02F66BF1-738D-4E0F-BEB5-5F5A1CAD2DD4}.Release|x64.Build.0 = Release|Any CPU
		{02F66BF1-738D-4E0F-BEB5-5F5A1CAD2DD4}.Release|x86.ActiveCfg = Release|Any CPU
		{02F66BF1-738D-4E0F-BEB5-5F5A1CAD2DD4}.Release|x86.Build.0 = Release|Any CPU
		{F74195BC-1EC4-43CD-A7F0-985850006D45}.Debug|Any CPU.ActiveCfg = Debug|Any CPU
		{F74195BC-1EC4-43CD-A7F0-985850006D45}.Debug|Any CPU.Build.0 = Debug|Any CPU
		{F74195BC-1EC4-43CD-A7F0-985850006D45}.Debug|x64.ActiveCfg = Debug|Any CPU
		{F74195BC-1EC4-43CD-A7F0-985850006D45}.Debug|x64.Build.0 = Debug|Any CPU
		{F74195BC-1EC4-43CD-A7F0-985850006D45}.Debug|x86.ActiveCfg = Debug|Any CPU
		{F74195BC-1EC4-43CD-A7F0-985850006D45}.Debug|x86.Build.0 = Debug|Any CPU
		{F74195BC-1EC4-43CD-A7F0-985850006D45}.Release|Any CPU.ActiveCfg = Release|Any CPU
		{F74195BC-1EC4-43CD-A7F0-985850006D45}.Release|Any CPU.Build.0 = Release|Any CPU
		{F74195BC-1EC4-43CD-A7F0-985850006D45}.Release|x64.ActiveCfg = Release|Any CPU
		{F74195BC-1EC4-43CD-A7F0-985850006D45}.Release|x64.Build.0 = Release|Any CPU
		{F74195BC-1EC4-43CD-A7F0-985850006D45}.Release|x86.ActiveCfg = Release|Any CPU
		{F74195BC-1EC4-43CD-A7F0-985850006D45}.Release|x86.Build.0 = Release|Any CPU
		{E8CFF5F9-7668-474E-AB77-E18F9478F680}.Debug|Any CPU.ActiveCfg = Debug|Any CPU
		{E8CFF5F9-7668-474E-AB77-E18F9478F680}.Debug|Any CPU.Build.0 = Debug|Any CPU
		{E8CFF5F9-7668-474E-AB77-E18F9478F680}.Debug|x64.ActiveCfg = Debug|Any CPU
		{E8CFF5F9-7668-474E-AB77-E18F9478F680}.Debug|x64.Build.0 = Debug|Any CPU
		{E8CFF5F9-7668-474E-AB77-E18F9478F680}.Debug|x86.ActiveCfg = Debug|Any CPU
		{E8CFF5F9-7668-474E-AB77-E18F9478F680}.Debug|x86.Build.0 = Debug|Any CPU
		{E8CFF5F9-7668-474E-AB77-E18F9478F680}.Release|Any CPU.ActiveCfg = Release|Any CPU
		{E8CFF5F9-7668-474E-AB77-E18F9478F680}.Release|Any CPU.Build.0 = Release|Any CPU
		{E8CFF5F9-7668-474E-AB77-E18F9478F680}.Release|x64.ActiveCfg = Release|Any CPU
		{E8CFF5F9-7668-474E-AB77-E18F9478F680}.Release|x64.Build.0 = Release|Any CPU
		{E8CFF5F9-7668-474E-AB77-E18F9478F680}.Release|x86.ActiveCfg = Release|Any CPU
		{E8CFF5F9-7668-474E-AB77-E18F9478F680}.Release|x86.Build.0 = Release|Any CPU
	EndGlobalSection
	GlobalSection(SolutionProperties) = preSolution
		HideSolutionNode = FALSE
	EndGlobalSection
	GlobalSection(NestedProjects) = preSolution
		{84311CFB-D898-42EC-8949-FBECBE7E813A} = {827E0CD3-B72D-47B6-A68D-7590B98EB39B}
		{0CF4C623-FBB1-4F96-BC9D-0360D8DC33E8} = {827E0CD3-B72D-47B6-A68D-7590B98EB39B}
		{A7B831DA-DA13-4DE1-BE3C-3DC13DBA7C6F} = {827E0CD3-B72D-47B6-A68D-7590B98EB39B}
		{67843980-AD5D-4469-A9A0-92F67B0F561E} = {827E0CD3-B72D-47B6-A68D-7590B98EB39B}
		{A4DF5A68-35A4-4800-91A8-C82F5D26B72B} = {827E0CD3-B72D-47B6-A68D-7590B98EB39B}
		{B149D8C1-9C68-4041-83DF-8B49FDFA2AA9} = {827E0CD3-B72D-47B6-A68D-7590B98EB39B}
		{27B6029A-5235-4212-908A-C26E7A2673A5} = {827E0CD3-B72D-47B6-A68D-7590B98EB39B}
		{D7B3DDBA-C5E0-4220-93F2-B5E8EFEE4E6A} = {827E0CD3-B72D-47B6-A68D-7590B98EB39B}
		{ED7EC8DF-D2A6-4155-9893-5856E38340E1} = {827E0CD3-B72D-47B6-A68D-7590B98EB39B}
		{42E4E5C0-6EFF-4415-90E3-AD5E49C212D9} = {827E0CD3-B72D-47B6-A68D-7590B98EB39B}
		{18A1F333-8D80-4E86-8534-DC2DCEB06B68} = {827E0CD3-B72D-47B6-A68D-7590B98EB39B}
		{30F6FBBF-728C-4E43-AF33-371B12CD71CB} = {827E0CD3-B72D-47B6-A68D-7590B98EB39B}
		{8BD76281-2F88-4805-93B7-9B9A72D9D4CF} = {827E0CD3-B72D-47B6-A68D-7590B98EB39B}
		{6EA30723-07F4-4AA5-A854-746564546E6C} = {827E0CD3-B72D-47B6-A68D-7590B98EB39B}
		{A526D28B-01B2-4A80-BECB-3C735515FE54} = {827E0CD3-B72D-47B6-A68D-7590B98EB39B}
		{87B1700D-FB04-46F9-AA90-C362F8786CCA} = {827E0CD3-B72D-47B6-A68D-7590B98EB39B}
		{A82AEEF0-FE9A-4AEE-BC97-7212FE964692} = {827E0CD3-B72D-47B6-A68D-7590B98EB39B}
		{D21A71BC-F605-4335-96EA-48672AED7EC1} = {827E0CD3-B72D-47B6-A68D-7590B98EB39B}
		{C7AED328-9D3C-4BEE-B093-2EF1095D6E31} = {827E0CD3-B72D-47B6-A68D-7590B98EB39B}
		{85AB3DEC-0D16-4C8B-9AE3-195BB0EB26E8} = {827E0CD3-B72D-47B6-A68D-7590B98EB39B}
		{5E7C1EC1-7085-42C3-9563-C0483B3E1B9D} = {827E0CD3-B72D-47B6-A68D-7590B98EB39B}
		{0584E8E8-1FF1-401D-9F2A-C903E50B7637} = {827E0CD3-B72D-47B6-A68D-7590B98EB39B}
		{69EB4687-569F-4148-BB01-5194E0C37A51} = {827E0CD3-B72D-47B6-A68D-7590B98EB39B}
		{758A1444-C347-485E-89EF-D376B1A6F566} = {827E0CD3-B72D-47B6-A68D-7590B98EB39B}
		{77D19F76-0AD0-4F99-80D2-DF5F4470DC6C} = {827E0CD3-B72D-47B6-A68D-7590B98EB39B}
		{D720FB09-4342-4ADD-8C99-5CC8F0B391E1} = {827E0CD3-B72D-47B6-A68D-7590B98EB39B}
		{E456F7D4-63AB-4782-83A3-7792FE7E1A8F} = {827E0CD3-B72D-47B6-A68D-7590B98EB39B}
		{C0577D95-AA03-414E-A8B9-222E4DE88677} = {827E0CD3-B72D-47B6-A68D-7590B98EB39B}
		{B77A5FD1-4A9D-41B7-814A-D67C8CD757EE} = {827E0CD3-B72D-47B6-A68D-7590B98EB39B}
		{C36E1E84-6DD4-46CE-A69C-4FCCCB36732C} = {827E0CD3-B72D-47B6-A68D-7590B98EB39B}
		{CFCFC7B4-F275-4163-9B3E-496EC7ABA7C5} = {827E0CD3-B72D-47B6-A68D-7590B98EB39B}
		{70766901-1CE2-4D5F-98BE-73785BB38891} = {827E0CD3-B72D-47B6-A68D-7590B98EB39B}
		{932098C4-CD26-4FE5-80A6-E4DD9C471D33} = {827E0CD3-B72D-47B6-A68D-7590B98EB39B}
		{72A671E1-F0D0-4325-9B4C-ECCC3CF823B6} = {827E0CD3-B72D-47B6-A68D-7590B98EB39B}
		{0B10F441-4A9F-489C-9E9D-A26C3A62E737} = {827E0CD3-B72D-47B6-A68D-7590B98EB39B}
		{8BC4B8A6-C6C0-4D80-BD0C-5A3A5959ACC9} = {827E0CD3-B72D-47B6-A68D-7590B98EB39B}
		{73F34419-472F-491D-B27F-5358D80CF72F} = {827E0CD3-B72D-47B6-A68D-7590B98EB39B}
		{00A00C6C-9016-4257-8FDA-EA99335DD1C5} = {0AB3BF05-4346-4AA6-1389-037BE0695223}
		{63A92173-6C88-412A-8CE8-25E9BBF706CE} = {0AB3BF05-4346-4AA6-1389-037BE0695223}
		{C1320D44-45DD-45EC-9129-984885FC2FEF} = {0AB3BF05-4346-4AA6-1389-037BE0695223}
		{929871E8-457F-4CAB-BF76-1D3782446012} = {07C2787E-EAC7-C090-1BA3-A61EC2A24D84}
		{B31E31A4-8406-462D-AB02-746CF23659A7} = {0AB3BF05-4346-4AA6-1389-037BE0695223}
		{6563C9EC-E8EF-42A8-BB5B-4E1B6ABE97F0} = {0AB3BF05-4346-4AA6-1389-037BE0695223}
		{07992B13-CAFB-4626-9CB6-4DA313525328} = {0AB3BF05-4346-4AA6-1389-037BE0695223}
		{FB552171-F941-4FA6-BD69-502B893ABB94} = {0AB3BF05-4346-4AA6-1389-037BE0695223}
		{7DFF96BE-A077-4D3B-B07C-DFD0225DF367} = {07C2787E-EAC7-C090-1BA3-A61EC2A24D84}
		{11FC05AD-5189-453D-80D4-F215F4649FAE} = {827E0CD3-B72D-47B6-A68D-7590B98EB39B}
		{BD3FB033-4BF6-4513-BF1C-756DB3E2FF6C} = {0AB3BF05-4346-4AA6-1389-037BE0695223}
		{951AB373-ECE5-45D3-BF07-FC9E19AA8FBB} = {0AB3BF05-4346-4AA6-1389-037BE0695223}
		{BE993A7E-F5DA-43EB-8424-6F83F16DA738} = {827E0CD3-B72D-47B6-A68D-7590B98EB39B}
		{D0AF605A-EDE0-4E12-BB20-7C5DC2FF1E45} = {0AB3BF05-4346-4AA6-1389-037BE0695223}
		{C910A8FB-8F01-4E51-A446-25BDE0C3E3E7} = {07C2787E-EAC7-C090-1BA3-A61EC2A24D84}
		{02F66BF1-738D-4E0F-BEB5-5F5A1CAD2DD4} = {827E0CD3-B72D-47B6-A68D-7590B98EB39B}
		{F74195BC-1EC4-43CD-A7F0-985850006D45} = {07C2787E-EAC7-C090-1BA3-A61EC2A24D84}
		{E8CFF5F9-7668-474E-AB77-E18F9478F680} = {0AB3BF05-4346-4AA6-1389-037BE0695223}
	EndGlobalSection
EndGlobal
